// !$*UTF8*$!
{
	archiveVersion = 1;
	classes = {
	};
	objectVersion = 46;
	objects = {

/* Begin PBXBuildFile section */
		011760D78012F8A3D961984F /* TodayView.swift in Sources */ = {isa = PBXBuildFile; fileRef = 3774FC99CA397863BF948C01 /* TodayView.swift */; };
		055E7FD8D990674EC8AEA048 /* libVolumeArcCore.a in Frameworks */ = {isa = PBXBuildFile; fileRef = 70DA9B2D5A72D1E54049207C /* libVolumeArcCore.a */; };
		06666A5C10711C98E5124170 /* VolumeArcSentryConfiguration.swift in Sources */ = {isa = PBXBuildFile; fileRef = E519CA255A98A20C90781D66 /* VolumeArcSentryConfiguration.swift */; };
		071AA7D88992B51E6470432F /* VolumeArcPremiumCatalog.swift in Sources */ = {isa = PBXBuildFile; fileRef = B276C38F1FA0ECC388EEB6D9 /* VolumeArcPremiumCatalog.swift */; };
		086C93EF7D6D2B7FFCAC1944 /* NetworkReachability.swift in Sources */ = {isa = PBXBuildFile; fileRef = 378B7EAFF6B9FD7B78F53598 /* NetworkReachability.swift */; };
		0B72252E84E94208D83767DC /* Foundation.framework in Frameworks */ = {isa = PBXBuildFile; fileRef = C59AD05B5A2D179D89AFA258 /* Foundation.framework */; };
		0C5CCC58A5B5F26F14F3E52B /* Components.swift in Sources */ = {isa = PBXBuildFile; fileRef = B3E301F8DE592F8C6F5C0683 /* Components.swift */; };
		10B8573F2D0C07C7B44B3B67 /* VolumeArcWidgetController.swift in Sources */ = {isa = PBXBuildFile; fileRef = 5C3B659EE280F9280259A2EA /* VolumeArcWidgetController.swift */; };
		118B94E28B60E62D6366CA08 /* WorkoutTypes.swift in Sources */ = {isa = PBXBuildFile; fileRef = C07DD8EBB3A07EC1B5302E8F /* WorkoutTypes.swift */; };
		125021850FE8FEDF2B8FCE13 /* VoiceCoach.swift in Sources */ = {isa = PBXBuildFile; fileRef = 50D7035C8A9CCEDDC8272F22 /* VoiceCoach.swift */; };
		14C8EB0E29AF364E64907867 /* Foundation.framework in Frameworks */ = {isa = PBXBuildFile; fileRef = C59AD05B5A2D179D89AFA258 /* Foundation.framework */; };
		1512671A33B3BE6CC6D0AA23 /* AuthenticationServices.framework in Frameworks */ = {isa = PBXBuildFile; fileRef = 3B2C52D1E83D40E71487DFE0 /* AuthenticationServices.framework */; };
		1A88B79767632409EC513128 /* libVolumeArcCore.a in Frameworks */ = {isa = PBXBuildFile; fileRef = 70DA9B2D5A72D1E54049207C /* libVolumeArcCore.a */; };
		1ADB277B877BB26524D9A253 /* WatchKit.framework in Frameworks */ = {isa = PBXBuildFile; fileRef = 8B0DC3DE591BCDEC018621C6 /* WatchKit.framework */; };
		21601DCF49F8DC93BCD2A5AF /* VolumeArcWidgets.swift in Sources */ = {isa = PBXBuildFile; fileRef = 10284C77414304FD27907B0E /* VolumeArcWidgets.swift */; };
		22280F08C2D4F6252D19B953 /* VolumeArcVoicePermissionStore.swift in Sources */ = {isa = PBXBuildFile; fileRef = 98FDB4009F814CC245803A00 /* VolumeArcVoicePermissionStore.swift */; };
		234B0BA6235687E0E1508D21 /* VolumeArcSecureStore.swift in Sources */ = {isa = PBXBuildFile; fileRef = 77532CE96F607BD8908CF89C /* VolumeArcSecureStore.swift */; };
		251466390F5D2741FA5D086E /* Foundation.framework in Frameworks */ = {isa = PBXBuildFile; fileRef = 3C4F9B636C6A912E1F06B831 /* Foundation.framework */; };
		2CB9989D49B19FC9EAC8FBA6 /* Mocks.swift in Sources */ = {isa = PBXBuildFile; fileRef = 81954E48371590912622B37F /* Mocks.swift */; };
		2E84F81ED41A480F54ED6886 /* ReadinessModel.swift in Sources */ = {isa = PBXBuildFile; fileRef = 7B342D1BF18389B3D04512D3 /* ReadinessModel.swift */; };
		36CEDAC5662B9164EB4445CD /* VolumeArcSecureStore.swift in Sources */ = {isa = PBXBuildFile; fileRef = 77532CE96F607BD8908CF89C /* VolumeArcSecureStore.swift */; };
		389562CBBE6FD5AAD8B7DF22 /* WorkoutsView.swift in Sources */ = {isa = PBXBuildFile; fileRef = 339684EBB5CBDBDC2C13270E /* WorkoutsView.swift */; };
		3BDDDD9D7ED1E2126B32DE92 /* ActivityKit.framework in Frameworks */ = {isa = PBXBuildFile; fileRef = 786E3191CB7F434FD828FF6E /* ActivityKit.framework */; };
		3C2FC36F21B9DD5B4CA1644C /* AppIntents.framework in Frameworks */ = {isa = PBXBuildFile; fileRef = 1F34C69AA9B76957E3BD40C2 /* AppIntents.framework */; };
		43E765496EDC7BF2E1776637 /* VolumeArcNotificationScheduler.swift in Sources */ = {isa = PBXBuildFile; fileRef = BF20E335F776F741D1E42ED5 /* VolumeArcNotificationScheduler.swift */; };
		4400AA16002DB3E9617EB3C5 /* VAHaptics.swift in Sources */ = {isa = PBXBuildFile; fileRef = C4F176AD9D7A016E03B6F973 /* VAHaptics.swift */; };
		465B7FA3AE835DDF03DEC32B /* VolumeArcRelaySessionProvider.swift in Sources */ = {isa = PBXBuildFile; fileRef = ADB87B5E223069EC7D156B12 /* VolumeArcRelaySessionProvider.swift */; };
		48261893B0EB94AFA2CFA985 /* VolumeArcAppConfigurationTests.swift in Sources */ = {isa = PBXBuildFile; fileRef = 497182D39381EC08DF70B441 /* VolumeArcAppConfigurationTests.swift */; };
		494F11DE0FCB308858DA418F /* WidgetKit.framework in Frameworks */ = {isa = PBXBuildFile; fileRef = DD4A96C82CA711DA9EE1018C /* WidgetKit.framework */; };
		49DB06B4258CFC2153DBA1C1 /* DataModels.swift in Sources */ = {isa = PBXBuildFile; fileRef = 7FF2E379F47EC6576AAD214C /* DataModels.swift */; };
		4EB4314E2B77425739796BDE /* libVolumeArcCore.a in Frameworks */ = {isa = PBXBuildFile; fileRef = 70DA9B2D5A72D1E54049207C /* libVolumeArcCore.a */; };
		4FF1227343AA943637BE4A39 /* AuthenticationServices.framework in Frameworks */ = {isa = PBXBuildFile; fileRef = 3B2C52D1E83D40E71487DFE0 /* AuthenticationServices.framework */; };
		503214EBC93BC101797B0F77 /* ActivityKit.framework in Frameworks */ = {isa = PBXBuildFile; fileRef = 786E3191CB7F434FD828FF6E /* ActivityKit.framework */; };
		54E7ECA9A1380822C3D4D2EA /* Navigation.swift in Sources */ = {isa = PBXBuildFile; fileRef = 704CC49C5B791152E0AD0DEF /* Navigation.swift */; };
		5823D21C7CFA793D032DFC8C /* CloudSync.swift in Sources */ = {isa = PBXBuildFile; fileRef = A74CA5E2E8C1284E9A42867F /* CloudSync.swift */; };
		58D45DAA031DB2861456EF54 /* VolumeArcWatchApp.swift in Sources */ = {isa = PBXBuildFile; fileRef = 7596BD7F00D972B5B660F224 /* VolumeArcWatchApp.swift */; };
		59E558E1A7B3A8033ECB61AD /* WorkoutDashboardModel.swift in Sources */ = {isa = PBXBuildFile; fileRef = 79239F7AD7B45EA0A9B0A15A /* WorkoutDashboardModel.swift */; };
		5E0C0655D651A859818D7474 /* libVolumeArcCore.a in Frameworks */ = {isa = PBXBuildFile; fileRef = 70DA9B2D5A72D1E54049207C /* libVolumeArcCore.a */; };
		651A2A5796EA6B0723968F33 /* VoicePermission.swift in Sources */ = {isa = PBXBuildFile; fileRef = F85616D54B8F2E0178105BD2 /* VoicePermission.swift */; };
		6717F71355F07B27927866E4 /* AVFoundation.framework in Frameworks */ = {isa = PBXBuildFile; fileRef = 72A07D6FBE36E2F0EDD9047A /* AVFoundation.framework */; };
		6B6B6B4F6C19ED235621812A /* VolumeArcCloudConfiguration.swift in Sources */ = {isa = PBXBuildFile; fileRef = 60B46858BE40873880326D34 /* VolumeArcCloudConfiguration.swift */; };
		6BB0B7686737204383FF844B /* VolumeArcAIRuntimeFactory.swift in Sources */ = {isa = PBXBuildFile; fileRef = 6D613BC4AC4B4BF170443166 /* VolumeArcAIRuntimeFactory.swift */; };
		6F07C74B22A3D735BC0DABEB /* VolumeArcPersistenceController.swift in Sources */ = {isa = PBXBuildFile; fileRef = A9C88FE637977420F07009D6 /* VolumeArcPersistenceController.swift */; };
		6FE36E70C47F420D5E9385F0 /* HealthStore.swift in Sources */ = {isa = PBXBuildFile; fileRef = B876DC025333BF3D2C48A9B3 /* HealthStore.swift */; };
		702FE26D2B52DCFB425EE3CF /* WatchWorkoutView.swift in Sources */ = {isa = PBXBuildFile; fileRef = F973058851BEE98745B364BE /* WatchWorkoutView.swift */; };
		7A09FE8B32B4C1F3027F45DD /* Foundation.framework in Frameworks */ = {isa = PBXBuildFile; fileRef = C59AD05B5A2D179D89AFA258 /* Foundation.framework */; };
		7D68842936D3ADC81A7BBBF3 /* RootDashboardView.swift in Sources */ = {isa = PBXBuildFile; fileRef = AAB9A0DB0B90298B095D498B /* RootDashboardView.swift */; };
		7DE44965743D4F5DF1CF2F2C /* PrivacyInfo.xcprivacy in Resources */ = {isa = PBXBuildFile; fileRef = 2D4CFD2A75A2F18BC2C55DD5 /* PrivacyInfo.xcprivacy */; };
		7FAFB97F86CC1D5A6C95ADAA /* PlatformSurface.swift in Sources */ = {isa = PBXBuildFile; fileRef = CEA5BEC2BD763FD811E0E412 /* PlatformSurface.swift */; };
		80B5712E02C59AEF6C6D4AB7 /* SwiftDataWorkoutRepository.swift in Sources */ = {isa = PBXBuildFile; fileRef = A8B0621CD506228BFF41F41C /* SwiftDataWorkoutRepository.swift */; };
		818C25B74E2362157A8FE07A /* SignalsView.swift in Sources */ = {isa = PBXBuildFile; fileRef = BA89EEBF8EA35AE6E363BD08 /* SignalsView.swift */; };
		8253DD115B9220445516B3A3 /* Security.framework in Frameworks */ = {isa = PBXBuildFile; fileRef = FE4C423A270DEC22DA54FFF9 /* Security.framework */; };
		84E5D041AC9207EA944781A4 /* VolumeArcLiveActivityController.swift in Sources */ = {isa = PBXBuildFile; fileRef = 624B9FF2FCEEBB03D29E9706 /* VolumeArcLiveActivityController.swift */; };
		86289598938C49354FA6A0D9 /* VolumeArcWidgetController.swift in Sources */ = {isa = PBXBuildFile; fileRef = 5C3B659EE280F9280259A2EA /* VolumeArcWidgetController.swift */; };
		8B3B0E502AF93663B3C6140C /* AICoachProvider.swift in Sources */ = {isa = PBXBuildFile; fileRef = B802D875029104C1FB8AE20F /* AICoachProvider.swift */; };
		8B8BC2528662D426894367E2 /* AppIntents.framework in Frameworks */ = {isa = PBXBuildFile; fileRef = 1F34C69AA9B76957E3BD40C2 /* AppIntents.framework */; };
		96957D88EFE5268ED666E9CA /* Tokens.swift in Sources */ = {isa = PBXBuildFile; fileRef = 0DF60ADE665DCF4E705462DB /* Tokens.swift */; };
		977054DEC72620F0A1F24328 /* libVolumeArcCore.a in Frameworks */ = {isa = PBXBuildFile; fileRef = 70DA9B2D5A72D1E54049207C /* libVolumeArcCore.a */; };
		A01819B3B6EAA29E0AE6F6B2 /* VolumeArcAIConfiguration.swift in Sources */ = {isa = PBXBuildFile; fileRef = F188457961C9CC0A077A342C /* VolumeArcAIConfiguration.swift */; };
		A36CA2296D6D659ECD44B585 /* AppIntents.framework in Frameworks */ = {isa = PBXBuildFile; fileRef = 1F34C69AA9B76957E3BD40C2 /* AppIntents.framework */; };
		A3EA6D67B3E03EC2619D221B /* libVolumeArcUI.a in Frameworks */ = {isa = PBXBuildFile; fileRef = 11D23304096746F7610B9F62 /* libVolumeArcUI.a */; };
		A777D694C793A49D7D8414EB /* ProductDefaults.swift in Sources */ = {isa = PBXBuildFile; fileRef = EC08BD80AB38D5DC238D21B3 /* ProductDefaults.swift */; };
		AA58969E3D0F72CD2F60EDF6 /* FeatureFlags.swift in Sources */ = {isa = PBXBuildFile; fileRef = FE05AD42E7F56371E3667E03 /* FeatureFlags.swift */; };
		ABD83380C2FEBB2BD8EFD459 /* ActivityKit.framework in Frameworks */ = {isa = PBXBuildFile; fileRef = 786E3191CB7F434FD828FF6E /* ActivityKit.framework */; };
		B478117DAF9E52C6ECA759AE /* VolumeArcPersistenceController.swift in Sources */ = {isa = PBXBuildFile; fileRef = A9C88FE637977420F07009D6 /* VolumeArcPersistenceController.swift */; };
		B81EA02D7346AB45C05E792D /* NotificationStore.swift in Sources */ = {isa = PBXBuildFile; fileRef = 96721295E25C8910123CDF22 /* NotificationStore.swift */; };
		BA1F0E79A29910203A60EEB9 /* VolumeArcIntents.swift in Sources */ = {isa = PBXBuildFile; fileRef = B666FA7BF0A85BC4FF76D97C /* VolumeArcIntents.swift */; };
		BA5807A6055EB21023991B57 /* PrivacyInfo.xcprivacy in Resources */ = {isa = PBXBuildFile; fileRef = 8482FA2EBEF16202847AE775 /* PrivacyInfo.xcprivacy */; };
		BDAD8D3BA07B87FEC6AA8C38 /* VolumeArcApp.swift in Sources */ = {isa = PBXBuildFile; fileRef = 8CDD8A1805B6509B7BBA707A /* VolumeArcApp.swift */; };
		C4071E9570E2787369CC3F42 /* TelemetrySink.swift in Sources */ = {isa = PBXBuildFile; fileRef = 6462476FE77BFF1C853975AE /* TelemetrySink.swift */; };
		CC5E796F76118D7CED406C61 /* VolumeArcPremiumCatalog.swift in Sources */ = {isa = PBXBuildFile; fileRef = B276C38F1FA0ECC388EEB6D9 /* VolumeArcPremiumCatalog.swift */; };
		CF60EFF85FCD7CBD430E5FF5 /* VolumeArcRelaySessionTests.swift in Sources */ = {isa = PBXBuildFile; fileRef = 199793E713730183B79B4112 /* VolumeArcRelaySessionTests.swift */; };
		D160B098811D2AC3D6F80FF3 /* libVolumeArcUI.a in Frameworks */ = {isa = PBXBuildFile; fileRef = 11D23304096746F7610B9F62 /* libVolumeArcUI.a */; };
		D1E62261ECEF715A43E201D3 /* SwiftUI.framework in Frameworks */ = {isa = PBXBuildFile; fileRef = B2FEF7F107045DE78C3E806D /* SwiftUI.framework */; };
		D479BB77948EC915728F7CC1 /* VolumeArcLiveActivityController.swift in Sources */ = {isa = PBXBuildFile; fileRef = 624B9FF2FCEEBB03D29E9706 /* VolumeArcLiveActivityController.swift */; };
		DB734AAED9E40D62129A8156 /* VolumeArcMigrationTests.swift in Sources */ = {isa = PBXBuildFile; fileRef = 555A04B7C7FF7ABA851A28D2 /* VolumeArcMigrationTests.swift */; };
		E14206EFFD3A5332F89D1B9D /* VolumeArcIntents.swift in Sources */ = {isa = PBXBuildFile; fileRef = B666FA7BF0A85BC4FF76D97C /* VolumeArcIntents.swift */; };
		E192B38979582D4169228693 /* VolumeArcPersistenceTests.swift in Sources */ = {isa = PBXBuildFile; fileRef = 6EC25515CFDF04B6992E80E3 /* VolumeArcPersistenceTests.swift */; };
		E3A6CACDE93E9458E26E7DB0 /* CoachView.swift in Sources */ = {isa = PBXBuildFile; fileRef = D4029FF6B086AAB9FCDE5C3B /* CoachView.swift */; };
		E5D7C42D1FBA17C036FD3F75 /* PrivacyInfo.xcprivacy in Resources */ = {isa = PBXBuildFile; fileRef = CCF7E23C44674731BBF87E75 /* PrivacyInfo.xcprivacy */; };
		E7BCF4A2BAA97542D22BBD4F /* SwiftDataProfileRepository.swift in Sources */ = {isa = PBXBuildFile; fileRef = DDF58DF000A7166632537C6B /* SwiftDataProfileRepository.swift */; };
		E80DE51C7A5FA2FA50475143 /* ExerciseCatalog.swift in Sources */ = {isa = PBXBuildFile; fileRef = 9FA9CF79D69B03B57257A44B /* ExerciseCatalog.swift */; };
		E8D028C8E3BB35BD79DDC33F /* SubscriptionStore.swift in Sources */ = {isa = PBXBuildFile; fileRef = 5E2671EDEC68745EE0896769 /* SubscriptionStore.swift */; };
		E8F81B09DFD98BCD73D79835 /* XCTest.framework in Frameworks */ = {isa = PBXBuildFile; fileRef = 2FFE4C7B6BE7D24E69DF7926 /* XCTest.framework */; };
		EF7F6F75069F1A9992B5F854 /* Fixtures.swift in Sources */ = {isa = PBXBuildFile; fileRef = 51CC9B865D75EC729250C47F /* Fixtures.swift */; };
		F18D49C0AFCAF5E61DE84D1A /* WatchConnectivity.swift in Sources */ = {isa = PBXBuildFile; fileRef = 25D5852E78413DBD58B4D85C /* WatchConnectivity.swift */; };
		F1D6F6C2FCDA1750A75BA27D /* ProfileView.swift in Sources */ = {isa = PBXBuildFile; fileRef = 6A759A52487B0BBED3948989 /* ProfileView.swift */; };
		F55078F57B0BE13138B5F995 /* VolumeArcCloudConfiguration.swift in Sources */ = {isa = PBXBuildFile; fileRef = 60B46858BE40873880326D34 /* VolumeArcCloudConfiguration.swift */; };
		F8039BB07205FB6028D44B15 /* ProgressionEngine.swift in Sources */ = {isa = PBXBuildFile; fileRef = 86D7E83A33DE7AB30DD66E87 /* ProgressionEngine.swift */; };
		FAB5490983DBB57541CC6952 /* Speech.framework in Frameworks */ = {isa = PBXBuildFile; fileRef = 255C34B49C4598B53FFF8A46 /* Speech.framework */; };
		FD23E4BFD29860F3952CE5EF /* VAAnimations.swift in Sources */ = {isa = PBXBuildFile; fileRef = 13CDB34F5E4F4AB059DCF3F5 /* VAAnimations.swift */; };
		FE794522724E3D96377EE6A1 /* Security.framework in Frameworks */ = {isa = PBXBuildFile; fileRef = FE4C423A270DEC22DA54FFF9 /* Security.framework */; };
/* End PBXBuildFile section */

/* Begin PBXContainerItemProxy section */
		0D5C060D2EB3FEBE11C218D5 /* PBXContainerItemProxy */ = {
			isa = PBXContainerItemProxy;
			containerPortal = 9C575FA629E9709C96974722 /* Project object */;
			proxyType = 1;
			remoteGlobalIDString = 0CC6B1F58D00DA66693464AF;
			remoteInfo = VolumeArcCore;
		};
		1CC75F0DF5A1DBA9F65D12E6 /* PBXContainerItemProxy */ = {
			isa = PBXContainerItemProxy;
			containerPortal = 9C575FA629E9709C96974722 /* Project object */;
			proxyType = 1;
			remoteGlobalIDString = 0CC6B1F58D00DA66693464AF;
			remoteInfo = VolumeArcCore;
		};
		61CD4F07726296BFD331B96E /* PBXContainerItemProxy */ = {
			isa = PBXContainerItemProxy;
			containerPortal = 9C575FA629E9709C96974722 /* Project object */;
			proxyType = 1;
			remoteGlobalIDString = CB8CDB9E96DFB0BB8961E0AC;
			remoteInfo = VolumeArcUI;
		};
		72137DD1D29FC2D8594C2A73 /* PBXContainerItemProxy */ = {
			isa = PBXContainerItemProxy;
			containerPortal = 9C575FA629E9709C96974722 /* Project object */;
			proxyType = 1;
			remoteGlobalIDString = CB8CDB9E96DFB0BB8961E0AC;
			remoteInfo = VolumeArcUI;
		};
		7CB71B7911EB2EE13CE36661 /* PBXContainerItemProxy */ = {
			isa = PBXContainerItemProxy;
			containerPortal = 9C575FA629E9709C96974722 /* Project object */;
			proxyType = 1;
			remoteGlobalIDString = 0CC6B1F58D00DA66693464AF;
			remoteInfo = VolumeArcCore;
		};
		8BB926CA6817CD79C8C9A648 /* PBXContainerItemProxy */ = {
			isa = PBXContainerItemProxy;
			containerPortal = 9C575FA629E9709C96974722 /* Project object */;
			proxyType = 1;
			remoteGlobalIDString = 0CC6B1F58D00DA66693464AF;
			remoteInfo = VolumeArcCore;
		};
		AC931B9924961D51465A4779 /* PBXContainerItemProxy */ = {
			isa = PBXContainerItemProxy;
			containerPortal = 9C575FA629E9709C96974722 /* Project object */;
			proxyType = 1;
			remoteGlobalIDString = 0CC6B1F58D00DA66693464AF;
			remoteInfo = VolumeArcCore;
		};
/* End PBXContainerItemProxy section */

/* Begin PBXFileReference section */
		0DF60ADE665DCF4E705462DB /* Tokens.swift */ = {isa = PBXFileReference; includeInIndex = 1; lastKnownFileType = sourcecode.swift; name = Tokens.swift; path = DesignSystem/Tokens.swift; sourceTree = "<group>"; };
		10284C77414304FD27907B0E /* VolumeArcWidgets.swift */ = {isa = PBXFileReference; includeInIndex = 1; lastKnownFileType = sourcecode.swift; path = VolumeArcWidgets.swift; sourceTree = "<group>"; };
		11D23304096746F7610B9F62 /* libVolumeArcUI.a */ = {isa = PBXFileReference; explicitFileType = archive.ar; includeInIndex = 0; path = libVolumeArcUI.a; sourceTree = BUILT_PRODUCTS_DIR; };
		13CDB34F5E4F4AB059DCF3F5 /* VAAnimations.swift */ = {isa = PBXFileReference; includeInIndex = 1; lastKnownFileType = sourcecode.swift; name = VAAnimations.swift; path = Motion/VAAnimations.swift; sourceTree = "<group>"; };
		199793E713730183B79B4112 /* VolumeArcRelaySessionTests.swift */ = {isa = PBXFileReference; includeInIndex = 1; lastKnownFileType = sourcecode.swift; name = VolumeArcRelaySessionTests.swift; path = VolumeArcAppTests/VolumeArcRelaySessionTests.swift; sourceTree = "<group>"; };
		1F34C69AA9B76957E3BD40C2 /* AppIntents.framework */ = {isa = PBXFileReference; lastKnownFileType = wrapper.framework; name = AppIntents.framework; path = Platforms/iPhoneOS.platform/Developer/SDKs/iPhoneOS18.0.sdk/System/Library/Frameworks/AppIntents.framework; sourceTree = DEVELOPER_DIR; };
		255C34B49C4598B53FFF8A46 /* Speech.framework */ = {isa = PBXFileReference; lastKnownFileType = wrapper.framework; name = Speech.framework; path = Platforms/iPhoneOS.platform/Developer/SDKs/iPhoneOS18.0.sdk/System/Library/Frameworks/Speech.framework; sourceTree = DEVELOPER_DIR; };
		25D5852E78413DBD58B4D85C /* WatchConnectivity.swift */ = {isa = PBXFileReference; includeInIndex = 1; lastKnownFileType = sourcecode.swift; name = WatchConnectivity.swift; path = Watch/WatchConnectivity.swift; sourceTree = "<group>"; };
		2D4CFD2A75A2F18BC2C55DD5 /* PrivacyInfo.xcprivacy */ = {isa = PBXFileReference; includeInIndex = 1; path = PrivacyInfo.xcprivacy; sourceTree = "<group>"; };
		2FFE4C7B6BE7D24E69DF7926 /* XCTest.framework */ = {isa = PBXFileReference; lastKnownFileType = wrapper.framework; name = XCTest.framework; path = Platforms/iPhoneOS.platform/Developer/SDKs/iPhoneOS18.0.sdk/System/Library/Frameworks/XCTest.framework; sourceTree = DEVELOPER_DIR; };
		339684EBB5CBDBDC2C13270E /* WorkoutsView.swift */ = {isa = PBXFileReference; includeInIndex = 1; lastKnownFileType = sourcecode.swift; name = WorkoutsView.swift; path = Screens/WorkoutsView.swift; sourceTree = "<group>"; };
		3774FC99CA397863BF948C01 /* TodayView.swift */ = {isa = PBXFileReference; includeInIndex = 1; lastKnownFileType = sourcecode.swift; name = TodayView.swift; path = Screens/TodayView.swift; sourceTree = "<group>"; };
		378B7EAFF6B9FD7B78F53598 /* NetworkReachability.swift */ = {isa = PBXFileReference; includeInIndex = 1; lastKnownFileType = sourcecode.swift; name = NetworkReachability.swift; path = Health/NetworkReachability.swift; sourceTree = "<group>"; };
		3B2C52D1E83D40E71487DFE0 /* AuthenticationServices.framework */ = {isa = PBXFileReference; lastKnownFileType = wrapper.framework; name = AuthenticationServices.framework; path = Platforms/iPhoneOS.platform/Developer/SDKs/iPhoneOS18.0.sdk/System/Library/Frameworks/AuthenticationServices.framework; sourceTree = DEVELOPER_DIR; };
		3C4F9B636C6A912E1F06B831 /* Foundation.framework */ = {isa = PBXFileReference; lastKnownFileType = wrapper.framework; name = Foundation.framework; path = Platforms/WatchOS.platform/Developer/SDKs/WatchOS11.0.sdk/System/Library/Frameworks/Foundation.framework; sourceTree = DEVELOPER_DIR; };
		497182D39381EC08DF70B441 /* VolumeArcAppConfigurationTests.swift */ = {isa = PBXFileReference; includeInIndex = 1; lastKnownFileType = sourcecode.swift; name = VolumeArcAppConfigurationTests.swift; path = VolumeArcAppTests/VolumeArcAppConfigurationTests.swift; sourceTree = "<group>"; };
		50D7035C8A9CCEDDC8272F22 /* VoiceCoach.swift */ = {isa = PBXFileReference; includeInIndex = 1; lastKnownFileType = sourcecode.swift; name = VoiceCoach.swift; path = AI/VoiceCoach.swift; sourceTree = "<group>"; };
		51CC9B865D75EC729250C47F /* Fixtures.swift */ = {isa = PBXFileReference; includeInIndex = 1; lastKnownFileType = sourcecode.swift; name = Fixtures.swift; path = VolumeArcAppTests/TestSupport/Fixtures.swift; sourceTree = "<group>"; };
		555A04B7C7FF7ABA851A28D2 /* VolumeArcMigrationTests.swift */ = {isa = PBXFileReference; includeInIndex = 1; lastKnownFileType = sourcecode.swift; name = VolumeArcMigrationTests.swift; path = VolumeArcAppTests/VolumeArcMigrationTests.swift; sourceTree = "<group>"; };
		5C3B659EE280F9280259A2EA /* VolumeArcWidgetController.swift */ = {isa = PBXFileReference; includeInIndex = 1; lastKnownFileType = sourcecode.swift; path = VolumeArcWidgetController.swift; sourceTree = "<group>"; };
		5E2671EDEC68745EE0896769 /* SubscriptionStore.swift */ = {isa = PBXFileReference; includeInIndex = 1; lastKnownFileType = sourcecode.swift; name = SubscriptionStore.swift; path = Subscriptions/SubscriptionStore.swift; sourceTree = "<group>"; };
		60B46858BE40873880326D34 /* VolumeArcCloudConfiguration.swift */ = {isa = PBXFileReference; includeInIndex = 1; lastKnownFileType = sourcecode.swift; path = VolumeArcCloudConfiguration.swift; sourceTree = "<group>"; };
		624B9FF2FCEEBB03D29E9706 /* VolumeArcLiveActivityController.swift */ = {isa = PBXFileReference; includeInIndex = 1; lastKnownFileType = sourcecode.swift; path = VolumeArcLiveActivityController.swift; sourceTree = "<group>"; };
		6462476FE77BFF1C853975AE /* TelemetrySink.swift */ = {isa = PBXFileReference; includeInIndex = 1; lastKnownFileType = sourcecode.swift; name = TelemetrySink.swift; path = Telemetry/TelemetrySink.swift; sourceTree = "<group>"; };
		6A759A52487B0BBED3948989 /* ProfileView.swift */ = {isa = PBXFileReference; includeInIndex = 1; lastKnownFileType = sourcecode.swift; name = ProfileView.swift; path = Screens/ProfileView.swift; sourceTree = "<group>"; };
		6D613BC4AC4B4BF170443166 /* VolumeArcAIRuntimeFactory.swift */ = {isa = PBXFileReference; includeInIndex = 1; lastKnownFileType = sourcecode.swift; path = VolumeArcAIRuntimeFactory.swift; sourceTree = "<group>"; };
		6EC25515CFDF04B6992E80E3 /* VolumeArcPersistenceTests.swift */ = {isa = PBXFileReference; includeInIndex = 1; lastKnownFileType = sourcecode.swift; name = VolumeArcPersistenceTests.swift; path = VolumeArcAppTests/VolumeArcPersistenceTests.swift; sourceTree = "<group>"; };
		704CC49C5B791152E0AD0DEF /* Navigation.swift */ = {isa = PBXFileReference; includeInIndex = 1; lastKnownFileType = sourcecode.swift; name = Navigation.swift; path = Navigation/Navigation.swift; sourceTree = "<group>"; };
		70DA9B2D5A72D1E54049207C /* libVolumeArcCore.a */ = {isa = PBXFileReference; explicitFileType = archive.ar; includeInIndex = 0; path = libVolumeArcCore.a; sourceTree = BUILT_PRODUCTS_DIR; };
		72A07D6FBE36E2F0EDD9047A /* AVFoundation.framework */ = {isa = PBXFileReference; lastKnownFileType = wrapper.framework; name = AVFoundation.framework; path = Platforms/iPhoneOS.platform/Developer/SDKs/iPhoneOS18.0.sdk/System/Library/Frameworks/AVFoundation.framework; sourceTree = DEVELOPER_DIR; };
		7596BD7F00D972B5B660F224 /* VolumeArcWatchApp.swift */ = {isa = PBXFileReference; includeInIndex = 1; lastKnownFileType = sourcecode.swift; path = VolumeArcWatchApp.swift; sourceTree = "<group>"; };
		77532CE96F607BD8908CF89C /* VolumeArcSecureStore.swift */ = {isa = PBXFileReference; includeInIndex = 1; lastKnownFileType = sourcecode.swift; path = VolumeArcSecureStore.swift; sourceTree = "<group>"; };
		786E3191CB7F434FD828FF6E /* ActivityKit.framework */ = {isa = PBXFileReference; lastKnownFileType = wrapper.framework; name = ActivityKit.framework; path = Platforms/iPhoneOS.platform/Developer/SDKs/iPhoneOS18.0.sdk/System/Library/Frameworks/ActivityKit.framework; sourceTree = DEVELOPER_DIR; };
		79239F7AD7B45EA0A9B0A15A /* WorkoutDashboardModel.swift */ = {isa = PBXFileReference; includeInIndex = 1; lastKnownFileType = sourcecode.swift; name = WorkoutDashboardModel.swift; path = Navigation/WorkoutDashboardModel.swift; sourceTree = "<group>"; };
		7B342D1BF18389B3D04512D3 /* ReadinessModel.swift */ = {isa = PBXFileReference; includeInIndex = 1; lastKnownFileType = sourcecode.swift; name = ReadinessModel.swift; path = Workout/ReadinessModel.swift; sourceTree = "<group>"; };
		7FF2E379F47EC6576AAD214C /* DataModels.swift */ = {isa = PBXFileReference; includeInIndex = 1; lastKnownFileType = sourcecode.swift; name = DataModels.swift; path = Persistence/DataModels.swift; sourceTree = "<group>"; };
		81954E48371590912622B37F /* Mocks.swift */ = {isa = PBXFileReference; includeInIndex = 1; lastKnownFileType = sourcecode.swift; name = Mocks.swift; path = VolumeArcAppTests/TestSupport/Mocks.swift; sourceTree = "<group>"; };
		8482FA2EBEF16202847AE775 /* PrivacyInfo.xcprivacy */ = {isa = PBXFileReference; includeInIndex = 1; path = PrivacyInfo.xcprivacy; sourceTree = "<group>"; };
		86D7E83A33DE7AB30DD66E87 /* ProgressionEngine.swift */ = {isa = PBXFileReference; includeInIndex = 1; lastKnownFileType = sourcecode.swift; name = ProgressionEngine.swift; path = Workout/ProgressionEngine.swift; sourceTree = "<group>"; };
		8B0DC3DE591BCDEC018621C6 /* WatchKit.framework */ = {isa = PBXFileReference; lastKnownFileType = wrapper.framework; name = WatchKit.framework; path = Platforms/WatchOS.platform/Developer/SDKs/WatchOS11.0.sdk/System/Library/Frameworks/WatchKit.framework; sourceTree = DEVELOPER_DIR; };
		8CDD8A1805B6509B7BBA707A /* VolumeArcApp.swift */ = {isa = PBXFileReference; includeInIndex = 1; lastKnownFileType = sourcecode.swift; path = VolumeArcApp.swift; sourceTree = "<group>"; };
		92D91EA5D4EC17670A15316D /* VolumeArcWatch.app */ = {isa = PBXFileReference; explicitFileType = wrapper.application; includeInIndex = 0; path = VolumeArcWatch.app; sourceTree = BUILT_PRODUCTS_DIR; };
		95C8A38E7A79CA3F38FE6B96 /* VolumeArc.app */ = {isa = PBXFileReference; explicitFileType = wrapper.application; includeInIndex = 0; path = VolumeArc.app; sourceTree = BUILT_PRODUCTS_DIR; };
		96721295E25C8910123CDF22 /* NotificationStore.swift */ = {isa = PBXFileReference; includeInIndex = 1; lastKnownFileType = sourcecode.swift; name = NotificationStore.swift; path = Notifications/NotificationStore.swift; sourceTree = "<group>"; };
		98FDB4009F814CC245803A00 /* VolumeArcVoicePermissionStore.swift */ = {isa = PBXFileReference; includeInIndex = 1; lastKnownFileType = sourcecode.swift; path = VolumeArcVoicePermissionStore.swift; sourceTree = "<group>"; };
		9F1EC6F410287785A7629632 /* VolumeArcAppTests.xctest */ = {isa = PBXFileReference; explicitFileType = wrapper.cfbundle; includeInIndex = 0; path = VolumeArcAppTests.xctest; sourceTree = BUILT_PRODUCTS_DIR; };
		9FA9CF79D69B03B57257A44B /* ExerciseCatalog.swift */ = {isa = PBXFileReference; includeInIndex = 1; lastKnownFileType = sourcecode.swift; name = ExerciseCatalog.swift; path = Workout/ExerciseCatalog.swift; sourceTree = "<group>"; };
		A74CA5E2E8C1284E9A42867F /* CloudSync.swift */ = {isa = PBXFileReference; includeInIndex = 1; lastKnownFileType = sourcecode.swift; name = CloudSync.swift; path = CloudSync/CloudSync.swift; sourceTree = "<group>"; };
		A8B0621CD506228BFF41F41C /* SwiftDataWorkoutRepository.swift */ = {isa = PBXFileReference; includeInIndex = 1; lastKnownFileType = sourcecode.swift; name = SwiftDataWorkoutRepository.swift; path = Persistence/SwiftDataWorkoutRepository.swift; sourceTree = "<group>"; };
		A9C88FE637977420F07009D6 /* VolumeArcPersistenceController.swift */ = {isa = PBXFileReference; includeInIndex = 1; lastKnownFileType = sourcecode.swift; path = VolumeArcPersistenceController.swift; sourceTree = "<group>"; };
		AAB9A0DB0B90298B095D498B /* RootDashboardView.swift */ = {isa = PBXFileReference; includeInIndex = 1; lastKnownFileType = sourcecode.swift; path = RootDashboardView.swift; sourceTree = "<group>"; };
		ADB87B5E223069EC7D156B12 /* VolumeArcRelaySessionProvider.swift */ = {isa = PBXFileReference; includeInIndex = 1; lastKnownFileType = sourcecode.swift; path = VolumeArcRelaySessionProvider.swift; sourceTree = "<group>"; };
		B276C38F1FA0ECC388EEB6D9 /* VolumeArcPremiumCatalog.swift */ = {isa = PBXFileReference; includeInIndex = 1; lastKnownFileType = sourcecode.swift; path = VolumeArcPremiumCatalog.swift; sourceTree = "<group>"; };
		B2FEF7F107045DE78C3E806D /* SwiftUI.framework */ = {isa = PBXFileReference; lastKnownFileType = wrapper.framework; name = SwiftUI.framework; path = Platforms/WatchOS.platform/Developer/SDKs/WatchOS11.0.sdk/System/Library/Frameworks/SwiftUI.framework; sourceTree = DEVELOPER_DIR; };
		B3E301F8DE592F8C6F5C0683 /* Components.swift */ = {isa = PBXFileReference; includeInIndex = 1; lastKnownFileType = sourcecode.swift; name = Components.swift; path = DesignSystem/Components.swift; sourceTree = "<group>"; };
		B666FA7BF0A85BC4FF76D97C /* VolumeArcIntents.swift */ = {isa = PBXFileReference; includeInIndex = 1; lastKnownFileType = sourcecode.swift; name = VolumeArcIntents.swift; path = Intents/VolumeArcIntents.swift; sourceTree = "<group>"; };
		B802D875029104C1FB8AE20F /* AICoachProvider.swift */ = {isa = PBXFileReference; includeInIndex = 1; lastKnownFileType = sourcecode.swift; name = AICoachProvider.swift; path = AI/AICoachProvider.swift; sourceTree = "<group>"; };
		B876DC025333BF3D2C48A9B3 /* HealthStore.swift */ = {isa = PBXFileReference; includeInIndex = 1; lastKnownFileType = sourcecode.swift; name = HealthStore.swift; path = Health/HealthStore.swift; sourceTree = "<group>"; };
		BA89EEBF8EA35AE6E363BD08 /* SignalsView.swift */ = {isa = PBXFileReference; includeInIndex = 1; lastKnownFileType = sourcecode.swift; name = SignalsView.swift; path = Screens/SignalsView.swift; sourceTree = "<group>"; };
		BF20E335F776F741D1E42ED5 /* VolumeArcNotificationScheduler.swift */ = {isa = PBXFileReference; includeInIndex = 1; lastKnownFileType = sourcecode.swift; path = VolumeArcNotificationScheduler.swift; sourceTree = "<group>"; };
		C07DD8EBB3A07EC1B5302E8F /* WorkoutTypes.swift */ = {isa = PBXFileReference; includeInIndex = 1; lastKnownFileType = sourcecode.swift; name = WorkoutTypes.swift; path = Workout/WorkoutTypes.swift; sourceTree = "<group>"; };
		C4F176AD9D7A016E03B6F973 /* VAHaptics.swift */ = {isa = PBXFileReference; includeInIndex = 1; lastKnownFileType = sourcecode.swift; name = VAHaptics.swift; path = Haptics/VAHaptics.swift; sourceTree = "<group>"; };
		C59AD05B5A2D179D89AFA258 /* Foundation.framework */ = {isa = PBXFileReference; lastKnownFileType = wrapper.framework; name = Foundation.framework; path = Platforms/iPhoneOS.platform/Developer/SDKs/iPhoneOS18.0.sdk/System/Library/Frameworks/Foundation.framework; sourceTree = DEVELOPER_DIR; };
		CCF7E23C44674731BBF87E75 /* PrivacyInfo.xcprivacy */ = {isa = PBXFileReference; includeInIndex = 1; path = PrivacyInfo.xcprivacy; sourceTree = "<group>"; };
		CEA5BEC2BD763FD811E0E412 /* PlatformSurface.swift */ = {isa = PBXFileReference; includeInIndex = 1; lastKnownFileType = sourcecode.swift; name = PlatformSurface.swift; path = PlatformSurface/PlatformSurface.swift; sourceTree = "<group>"; };
		D4029FF6B086AAB9FCDE5C3B /* CoachView.swift */ = {isa = PBXFileReference; includeInIndex = 1; lastKnownFileType = sourcecode.swift; name = CoachView.swift; path = Screens/CoachView.swift; sourceTree = "<group>"; };
		D6606D0AE85E6F47F306575C /* VolumeArcWidgets.appex */ = {isa = PBXFileReference; explicitFileType = "wrapper.app-extension"; includeInIndex = 0; path = VolumeArcWidgets.appex; sourceTree = BUILT_PRODUCTS_DIR; };
		DD4A96C82CA711DA9EE1018C /* WidgetKit.framework */ = {isa = PBXFileReference; lastKnownFileType = wrapper.framework; name = WidgetKit.framework; path = Platforms/iPhoneOS.platform/Developer/SDKs/iPhoneOS18.0.sdk/System/Library/Frameworks/WidgetKit.framework; sourceTree = DEVELOPER_DIR; };
		DDF58DF000A7166632537C6B /* SwiftDataProfileRepository.swift */ = {isa = PBXFileReference; includeInIndex = 1; lastKnownFileType = sourcecode.swift; name = SwiftDataProfileRepository.swift; path = Persistence/SwiftDataProfileRepository.swift; sourceTree = "<group>"; };
		E519CA255A98A20C90781D66 /* VolumeArcSentryConfiguration.swift */ = {isa = PBXFileReference; includeInIndex = 1; lastKnownFileType = sourcecode.swift; path = VolumeArcSentryConfiguration.swift; sourceTree = "<group>"; };
		EC08BD80AB38D5DC238D21B3 /* ProductDefaults.swift */ = {isa = PBXFileReference; includeInIndex = 1; lastKnownFileType = sourcecode.swift; name = ProductDefaults.swift; path = Persistence/ProductDefaults.swift; sourceTree = "<group>"; };
		F188457961C9CC0A077A342C /* VolumeArcAIConfiguration.swift */ = {isa = PBXFileReference; includeInIndex = 1; lastKnownFileType = sourcecode.swift; path = VolumeArcAIConfiguration.swift; sourceTree = "<group>"; };
		F85616D54B8F2E0178105BD2 /* VoicePermission.swift */ = {isa = PBXFileReference; includeInIndex = 1; lastKnownFileType = sourcecode.swift; name = VoicePermission.swift; path = Voice/VoicePermission.swift; sourceTree = "<group>"; };
		F973058851BEE98745B364BE /* WatchWorkoutView.swift */ = {isa = PBXFileReference; includeInIndex = 1; lastKnownFileType = sourcecode.swift; path = WatchWorkoutView.swift; sourceTree = "<group>"; };
		FE05AD42E7F56371E3667E03 /* FeatureFlags.swift */ = {isa = PBXFileReference; includeInIndex = 1; lastKnownFileType = sourcecode.swift; name = FeatureFlags.swift; path = FeatureFlags/FeatureFlags.swift; sourceTree = "<group>"; };
		FE4C423A270DEC22DA54FFF9 /* Security.framework */ = {isa = PBXFileReference; lastKnownFileType = wrapper.framework; name = Security.framework; path = Platforms/iPhoneOS.platform/Developer/SDKs/iPhoneOS18.0.sdk/System/Library/Frameworks/Security.framework; sourceTree = DEVELOPER_DIR; };
/* End PBXFileReference section */

/* Begin PBXFrameworksBuildPhase section */
		459032E492FF08676207C133 /* Frameworks */ = {
			isa = PBXFrameworksBuildPhase;
			buildActionMask = 2147483647;
			files = (
			);
			runOnlyForDeploymentPostprocessing = 0;
		};
		82D2EA33D5AF70222000509A /* Frameworks */ = {
			isa = PBXFrameworksBuildPhase;
			buildActionMask = 2147483647;
			files = (
				7A09FE8B32B4C1F3027F45DD /* Foundation.framework in Frameworks */,
				1A88B79767632409EC513128 /* libVolumeArcCore.a in Frameworks */,
				494F11DE0FCB308858DA418F /* WidgetKit.framework in Frameworks */,
				3C2FC36F21B9DD5B4CA1644C /* AppIntents.framework in Frameworks */,
				ABD83380C2FEBB2BD8EFD459 /* ActivityKit.framework in Frameworks */,
			);
			runOnlyForDeploymentPostprocessing = 0;
		};
		8BBBFCB3F43EA8F6B4B53918 /* Frameworks */ = {
			isa = PBXFrameworksBuildPhase;
			buildActionMask = 2147483647;
			files = (
				977054DEC72620F0A1F24328 /* libVolumeArcCore.a in Frameworks */,
			);
			runOnlyForDeploymentPostprocessing = 0;
		};
		B51654CA82C6EF51C64D9E06 /* Frameworks */ = {
			isa = PBXFrameworksBuildPhase;
			buildActionMask = 2147483647;
			files = (
				0B72252E84E94208D83767DC /* Foundation.framework in Frameworks */,
				5E0C0655D651A859818D7474 /* libVolumeArcCore.a in Frameworks */,
				A3EA6D67B3E03EC2619D221B /* libVolumeArcUI.a in Frameworks */,
				8B8BC2528662D426894367E2 /* AppIntents.framework in Frameworks */,
				3BDDDD9D7ED1E2126B32DE92 /* ActivityKit.framework in Frameworks */,
				4FF1227343AA943637BE4A39 /* AuthenticationServices.framework in Frameworks */,
				6717F71355F07B27927866E4 /* AVFoundation.framework in Frameworks */,
				8253DD115B9220445516B3A3 /* Security.framework in Frameworks */,
				FAB5490983DBB57541CC6952 /* Speech.framework in Frameworks */,
			);
			runOnlyForDeploymentPostprocessing = 0;
		};
		CE72524F4B59A4867A1F6F42 /* Frameworks */ = {
			isa = PBXFrameworksBuildPhase;
			buildActionMask = 2147483647;
			files = (
				251466390F5D2741FA5D086E /* Foundation.framework in Frameworks */,
				4EB4314E2B77425739796BDE /* libVolumeArcCore.a in Frameworks */,
				1ADB277B877BB26524D9A253 /* WatchKit.framework in Frameworks */,
				D1E62261ECEF715A43E201D3 /* SwiftUI.framework in Frameworks */,
			);
			runOnlyForDeploymentPostprocessing = 0;
		};
		EDBA119EE2D3E4423FB82495 /* Frameworks */ = {
			isa = PBXFrameworksBuildPhase;
			buildActionMask = 2147483647;
			files = (
				14C8EB0E29AF364E64907867 /* Foundation.framework in Frameworks */,
				055E7FD8D990674EC8AEA048 /* libVolumeArcCore.a in Frameworks */,
				D160B098811D2AC3D6F80FF3 /* libVolumeArcUI.a in Frameworks */,
				E8F81B09DFD98BCD73D79835 /* XCTest.framework in Frameworks */,
				1512671A33B3BE6CC6D0AA23 /* AuthenticationServices.framework in Frameworks */,
				FE794522724E3D96377EE6A1 /* Security.framework in Frameworks */,
				A36CA2296D6D659ECD44B585 /* AppIntents.framework in Frameworks */,
				503214EBC93BC101797B0F77 /* ActivityKit.framework in Frameworks */,
			);
			runOnlyForDeploymentPostprocessing = 0;
		};
/* End PBXFrameworksBuildPhase section */

/* Begin PBXGroup section */
		03246851D47034B7B6286CEB /* App */ = {
			isa = PBXGroup;
			children = (
				B666FA7BF0A85BC4FF76D97C /* VolumeArcIntents.swift */,
				F188457961C9CC0A077A342C /* VolumeArcAIConfiguration.swift */,
				6D613BC4AC4B4BF170443166 /* VolumeArcAIRuntimeFactory.swift */,
				8CDD8A1805B6509B7BBA707A /* VolumeArcApp.swift */,
				60B46858BE40873880326D34 /* VolumeArcCloudConfiguration.swift */,
				624B9FF2FCEEBB03D29E9706 /* VolumeArcLiveActivityController.swift */,
				BF20E335F776F741D1E42ED5 /* VolumeArcNotificationScheduler.swift */,
				A9C88FE637977420F07009D6 /* VolumeArcPersistenceController.swift */,
				B276C38F1FA0ECC388EEB6D9 /* VolumeArcPremiumCatalog.swift */,
				ADB87B5E223069EC7D156B12 /* VolumeArcRelaySessionProvider.swift */,
				77532CE96F607BD8908CF89C /* VolumeArcSecureStore.swift */,
				E519CA255A98A20C90781D66 /* VolumeArcSentryConfiguration.swift */,
				98FDB4009F814CC245803A00 /* VolumeArcVoicePermissionStore.swift */,
				5C3B659EE280F9280259A2EA /* VolumeArcWidgetController.swift */,
				2D4CFD2A75A2F18BC2C55DD5 /* PrivacyInfo.xcprivacy */,
			);
			name = App;
			path = App;
			sourceTree = "<group>";
		};
		38B3C0F798BAC590840EBE4F /* VolumeArcCore */ = {
			isa = PBXGroup;
			children = (
				B802D875029104C1FB8AE20F /* AICoachProvider.swift */,
				50D7035C8A9CCEDDC8272F22 /* VoiceCoach.swift */,
				A74CA5E2E8C1284E9A42867F /* CloudSync.swift */,
				FE05AD42E7F56371E3667E03 /* FeatureFlags.swift */,
				B876DC025333BF3D2C48A9B3 /* HealthStore.swift */,
				378B7EAFF6B9FD7B78F53598 /* NetworkReachability.swift */,
				704CC49C5B791152E0AD0DEF /* Navigation.swift */,
				79239F7AD7B45EA0A9B0A15A /* WorkoutDashboardModel.swift */,
				96721295E25C8910123CDF22 /* NotificationStore.swift */,
				7FF2E379F47EC6576AAD214C /* DataModels.swift */,
				EC08BD80AB38D5DC238D21B3 /* ProductDefaults.swift */,
				DDF58DF000A7166632537C6B /* SwiftDataProfileRepository.swift */,
				A8B0621CD506228BFF41F41C /* SwiftDataWorkoutRepository.swift */,
				CEA5BEC2BD763FD811E0E412 /* PlatformSurface.swift */,
				5E2671EDEC68745EE0896769 /* SubscriptionStore.swift */,
				6462476FE77BFF1C853975AE /* TelemetrySink.swift */,
				F85616D54B8F2E0178105BD2 /* VoicePermission.swift */,
				25D5852E78413DBD58B4D85C /* WatchConnectivity.swift */,
				9FA9CF79D69B03B57257A44B /* ExerciseCatalog.swift */,
				86D7E83A33DE7AB30DD66E87 /* ProgressionEngine.swift */,
				7B342D1BF18389B3D04512D3 /* ReadinessModel.swift */,
				C07DD8EBB3A07EC1B5302E8F /* WorkoutTypes.swift */,
			);
			name = VolumeArcCore;
			path = VolumeArcNative/Sources/VolumeArcCore;
			sourceTree = "<group>";
		};
		394C05323ACBB553F5248972 /* Tests */ = {
			isa = PBXGroup;
			children = (
				51CC9B865D75EC729250C47F /* Fixtures.swift */,
				81954E48371590912622B37F /* Mocks.swift */,
				497182D39381EC08DF70B441 /* VolumeArcAppConfigurationTests.swift */,
				555A04B7C7FF7ABA851A28D2 /* VolumeArcMigrationTests.swift */,
				6EC25515CFDF04B6992E80E3 /* VolumeArcPersistenceTests.swift */,
				199793E713730183B79B4112 /* VolumeArcRelaySessionTests.swift */,
			);
			name = Tests;
			path = Tests;
			sourceTree = "<group>";
		};
		401A679B9F90A73E533EF3BE /* VolumeArcUI */ = {
			isa = PBXGroup;
			children = (
				B3E301F8DE592F8C6F5C0683 /* Components.swift */,
				0DF60ADE665DCF4E705462DB /* Tokens.swift */,
				C4F176AD9D7A016E03B6F973 /* VAHaptics.swift */,
				13CDB34F5E4F4AB059DCF3F5 /* VAAnimations.swift */,
				AAB9A0DB0B90298B095D498B /* RootDashboardView.swift */,
				D4029FF6B086AAB9FCDE5C3B /* CoachView.swift */,
				6A759A52487B0BBED3948989 /* ProfileView.swift */,
				BA89EEBF8EA35AE6E363BD08 /* SignalsView.swift */,
				3774FC99CA397863BF948C01 /* TodayView.swift */,
				339684EBB5CBDBDC2C13270E /* WorkoutsView.swift */,
			);
			name = VolumeArcUI;
			path = VolumeArcNative/Sources/VolumeArcUI;
			sourceTree = "<group>";
		};
		4BD63A75FED4C340AFA3C26A /* Shared Native Package Sources */ = {
			isa = PBXGroup;
			children = (
				38B3C0F798BAC590840EBE4F /* VolumeArcCore */,
				401A679B9F90A73E533EF3BE /* VolumeArcUI */,
			);
			name = "Shared Native Package Sources";
			sourceTree = "<group>";
		};
		54C73C08BC9358CC80AFEC3D = {
			isa = PBXGroup;
			children = (
				CEB083C801CBC511F45A8703 /* Products */,
				59C2F2EE50BEA7C8C76B1B3B /* Frameworks */,
				03246851D47034B7B6286CEB /* App */,
				E9EDAC5DBDECDD395905972E /* Watch */,
				B733A5AAE0F6979BEE9CFECF /* Widgets */,
				394C05323ACBB553F5248972 /* Tests */,
				4BD63A75FED4C340AFA3C26A /* Shared Native Package Sources */,
			);
			sourceTree = "<group>";
		};
		59C2F2EE50BEA7C8C76B1B3B /* Frameworks */ = {
			isa = PBXGroup;
			children = (
				ED5149EC92460EFC9B256ED4 /* iOS */,
				BBF757B179F5E0291FEF6CE5 /* watchOS */,
			);
			name = Frameworks;
			sourceTree = "<group>";
		};
		B733A5AAE0F6979BEE9CFECF /* Widgets */ = {
			isa = PBXGroup;
			children = (
				10284C77414304FD27907B0E /* VolumeArcWidgets.swift */,
				8482FA2EBEF16202847AE775 /* PrivacyInfo.xcprivacy */,
			);
			name = Widgets;
			path = Widgets;
			sourceTree = "<group>";
		};
		BBF757B179F5E0291FEF6CE5 /* watchOS */ = {
			isa = PBXGroup;
			children = (
				3C4F9B636C6A912E1F06B831 /* Foundation.framework */,
				8B0DC3DE591BCDEC018621C6 /* WatchKit.framework */,
				B2FEF7F107045DE78C3E806D /* SwiftUI.framework */,
			);
			name = watchOS;
			sourceTree = "<group>";
		};
		CEB083C801CBC511F45A8703 /* Products */ = {
			isa = PBXGroup;
			children = (
				70DA9B2D5A72D1E54049207C /* libVolumeArcCore.a */,
				11D23304096746F7610B9F62 /* libVolumeArcUI.a */,
				95C8A38E7A79CA3F38FE6B96 /* VolumeArc.app */,
				92D91EA5D4EC17670A15316D /* VolumeArcWatch.app */,
				D6606D0AE85E6F47F306575C /* VolumeArcWidgets.appex */,
				9F1EC6F410287785A7629632 /* VolumeArcAppTests.xctest */,
			);
			name = Products;
			sourceTree = "<group>";
		};
		E9EDAC5DBDECDD395905972E /* Watch */ = {
			isa = PBXGroup;
			children = (
				7596BD7F00D972B5B660F224 /* VolumeArcWatchApp.swift */,
				F973058851BEE98745B364BE /* WatchWorkoutView.swift */,
				CCF7E23C44674731BBF87E75 /* PrivacyInfo.xcprivacy */,
			);
			name = Watch;
			path = Watch;
			sourceTree = "<group>";
		};
		ED5149EC92460EFC9B256ED4 /* iOS */ = {
			isa = PBXGroup;
			children = (
				C59AD05B5A2D179D89AFA258 /* Foundation.framework */,
				DD4A96C82CA711DA9EE1018C /* WidgetKit.framework */,
				1F34C69AA9B76957E3BD40C2 /* AppIntents.framework */,
				786E3191CB7F434FD828FF6E /* ActivityKit.framework */,
				3B2C52D1E83D40E71487DFE0 /* AuthenticationServices.framework */,
				72A07D6FBE36E2F0EDD9047A /* AVFoundation.framework */,
				FE4C423A270DEC22DA54FFF9 /* Security.framework */,
				255C34B49C4598B53FFF8A46 /* Speech.framework */,
				2FFE4C7B6BE7D24E69DF7926 /* XCTest.framework */,
			);
			name = iOS;
			sourceTree = "<group>";
		};
/* End PBXGroup section */

/* Begin PBXHeadersBuildPhase section */
		3ED9534DAEA093CAB9620050 /* Headers */ = {
			isa = PBXHeadersBuildPhase;
			buildActionMask = 2147483647;
			files = (
			);
			runOnlyForDeploymentPostprocessing = 0;
		};
		4625E278053D48E44ED09E9C /* Headers */ = {
			isa = PBXHeadersBuildPhase;
			buildActionMask = 2147483647;
			files = (
			);
			runOnlyForDeploymentPostprocessing = 0;
		};
/* End PBXHeadersBuildPhase section */

/* Begin PBXNativeTarget section */
		0CC6B1F58D00DA66693464AF /* VolumeArcCore */ = {
			isa = PBXNativeTarget;
			buildConfigurationList = AA55F5AA1172D10FA05265E9 /* Build configuration list for PBXNativeTarget "VolumeArcCore" */;
			buildPhases = (
				3ED9534DAEA093CAB9620050 /* Headers */,
				4AA777A28960CEE92B89491E /* Sources */,
				459032E492FF08676207C133 /* Frameworks */,
			);
			buildRules = (
			);
			dependencies = (
			);
			name = VolumeArcCore;
			productName = VolumeArcCore;
			productReference = 70DA9B2D5A72D1E54049207C /* libVolumeArcCore.a */;
			productType = "com.apple.product-type.library.static";
		};
		15334A932EDE5EA66BE94464 /* VolumeArcWidgets */ = {
			isa = PBXNativeTarget;
			buildConfigurationList = 5C2895EEA7FC9073A088A553 /* Build configuration list for PBXNativeTarget "VolumeArcWidgets" */;
			buildPhases = (
				28604537D02C519BA9FB7C6D /* Sources */,
				82D2EA33D5AF70222000509A /* Frameworks */,
				FA84A4D4657FF2F789F1F912 /* Resources */,
			);
			buildRules = (
			);
			dependencies = (
				D7C23260FB98F00E0FE6C730 /* PBXTargetDependency */,
			);
			name = VolumeArcWidgets;
			productName = VolumeArcWidgets;
			productReference = D6606D0AE85E6F47F306575C /* VolumeArcWidgets.appex */;
			productType = "com.apple.product-type.app-extension";
		};
		1BD295E8BF624C3F8DA0ED49 /* VolumeArcApp */ = {
			isa = PBXNativeTarget;
			buildConfigurationList = 34D6EF4E6C54CED457F2EA78 /* Build configuration list for PBXNativeTarget "VolumeArcApp" */;
			buildPhases = (
				557753EE74D04BD664D7BD41 /* Sources */,
				B51654CA82C6EF51C64D9E06 /* Frameworks */,
				3C326539F134016ED1F0BC52 /* Resources */,
			);
			buildRules = (
			);
			dependencies = (
				16FD789690A5D07907747B5E /* PBXTargetDependency */,
				E35210A09936C3829303B6CB /* PBXTargetDependency */,
			);
			name = VolumeArcApp;
			packageProductDependencies = (
				C0116BB4E752AAFAA803D4B9 /* Sentry */,
			);
			productName = VolumeArc;
			productReference = 95C8A38E7A79CA3F38FE6B96 /* VolumeArc.app */;
			productType = "com.apple.product-type.application";
		};
		C69BF2FD60389DAE22AA7773 /* VolumeArcWatch */ = {
			isa = PBXNativeTarget;
			buildConfigurationList = 091A99EA5972D178BED3C4B2 /* Build configuration list for PBXNativeTarget "VolumeArcWatch" */;
			buildPhases = (
				2FE8EA717E99D8F95DA4D24F /* Sources */,
				CE72524F4B59A4867A1F6F42 /* Frameworks */,
				7AC551EC3D1DF72551A22447 /* Resources */,
			);
			buildRules = (
			);
			dependencies = (
				F5383A760624F41370972284 /* PBXTargetDependency */,
			);
			name = VolumeArcWatch;
			productName = VolumeArcWatch;
			productReference = 92D91EA5D4EC17670A15316D /* VolumeArcWatch.app */;
			productType = "com.apple.product-type.application";
		};
		CB8CDB9E96DFB0BB8961E0AC /* VolumeArcUI */ = {
			isa = PBXNativeTarget;
			buildConfigurationList = 73F3FE6CB3D3DC91CD4AA6E9 /* Build configuration list for PBXNativeTarget "VolumeArcUI" */;
			buildPhases = (
				4625E278053D48E44ED09E9C /* Headers */,
				A55054A0AFC1796BADEA8130 /* Sources */,
				8BBBFCB3F43EA8F6B4B53918 /* Frameworks */,
			);
			buildRules = (
			);
			dependencies = (
				46EBD417D1E16F637C55C277 /* PBXTargetDependency */,
			);
			name = VolumeArcUI;
			productName = VolumeArcUI;
			productReference = 11D23304096746F7610B9F62 /* libVolumeArcUI.a */;
			productType = "com.apple.product-type.library.static";
		};
		E4AAD8FB2B73BE9F2851636F /* VolumeArcAppTests */ = {
			isa = PBXNativeTarget;
			buildConfigurationList = 19275D7CFC653E3C64001EA5 /* Build configuration list for PBXNativeTarget "VolumeArcAppTests" */;
			buildPhases = (
				D74E3DF8F906B341AE01ED8D /* Sources */,
				EDBA119EE2D3E4423FB82495 /* Frameworks */,
				414BCD9ECB24DB9C22511B6F /* Resources */,
			);
			buildRules = (
			);
			dependencies = (
				75B6DA7A024AFF1DA01506CF /* PBXTargetDependency */,
				F8F2C8E218784B6EAD844BEC /* PBXTargetDependency */,
			);
			name = VolumeArcAppTests;
			productName = VolumeArcAppTests;
			productReference = 9F1EC6F410287785A7629632 /* VolumeArcAppTests.xctest */;
			productType = "com.apple.product-type.bundle.unit-test";
		};
/* End PBXNativeTarget section */

/* Begin PBXProject section */
		9C575FA629E9709C96974722 /* Project object */ = {
			isa = PBXProject;
			attributes = {
				LastSwiftUpdateCheck = 1600;
				LastUpgradeCheck = 1600;
				TargetAttributes = {
					0CC6B1F58D00DA66693464AF = {
						CreatedOnToolsVersion = 26.4;
					};
					15334A932EDE5EA66BE94464 = {
						CreatedOnToolsVersion = 26.4;
					};
					1BD295E8BF624C3F8DA0ED49 = {
						CreatedOnToolsVersion = 26.4;
					};
					C69BF2FD60389DAE22AA7773 = {
						CreatedOnToolsVersion = 26.4;
					};
					CB8CDB9E96DFB0BB8961E0AC = {
						CreatedOnToolsVersion = 26.4;
					};
					E4AAD8FB2B73BE9F2851636F = {
						CreatedOnToolsVersion = 26.4;
					};
				};
			};
			buildConfigurationList = 4925550A6EA7D28D6EB1BFB1 /* Build configuration list for PBXProject "VolumeArcApple" */;
			compatibilityVersion = "Xcode 3.2";
			developmentRegion = en;
			hasScannedForEncodings = 0;
			knownRegions = (
				en,
				Base,
			);
			mainGroup = 54C73C08BC9358CC80AFEC3D;
			minimizedProjectReferenceProxies = 0;
			packageReferences = (
				BE227098CE040DE1DC59D37A /* XCRemoteSwiftPackageReference "sentry-cocoa" */,
			);
			preferredProjectObjectVersion = 77;
			productRefGroup = CEB083C801CBC511F45A8703 /* Products */;
			projectDirPath = "";
			projectRoot = "";
			targets = (
				0CC6B1F58D00DA66693464AF /* VolumeArcCore */,
				CB8CDB9E96DFB0BB8961E0AC /* VolumeArcUI */,
				1BD295E8BF624C3F8DA0ED49 /* VolumeArcApp */,
				C69BF2FD60389DAE22AA7773 /* VolumeArcWatch */,
				15334A932EDE5EA66BE94464 /* VolumeArcWidgets */,
				E4AAD8FB2B73BE9F2851636F /* VolumeArcAppTests */,
			);
		};
/* End PBXProject section */

/* Begin PBXResourcesBuildPhase section */
		3C326539F134016ED1F0BC52 /* Resources */ = {
			isa = PBXResourcesBuildPhase;
			buildActionMask = 2147483647;
			files = (
				7DE44965743D4F5DF1CF2F2C /* PrivacyInfo.xcprivacy in Resources */,
			);
			runOnlyForDeploymentPostprocessing = 0;
		};
		414BCD9ECB24DB9C22511B6F /* Resources */ = {
			isa = PBXResourcesBuildPhase;
			buildActionMask = 2147483647;
			files = (
			);
			runOnlyForDeploymentPostprocessing = 0;
		};
		7AC551EC3D1DF72551A22447 /* Resources */ = {
			isa = PBXResourcesBuildPhase;
			buildActionMask = 2147483647;
			files = (
				E5D7C42D1FBA17C036FD3F75 /* PrivacyInfo.xcprivacy in Resources */,
			);
			runOnlyForDeploymentPostprocessing = 0;
		};
		FA84A4D4657FF2F789F1F912 /* Resources */ = {
			isa = PBXResourcesBuildPhase;
			buildActionMask = 2147483647;
			files = (
				BA5807A6055EB21023991B57 /* PrivacyInfo.xcprivacy in Resources */,
			);
			runOnlyForDeploymentPostprocessing = 0;
		};
/* End PBXResourcesBuildPhase section */

/* Begin PBXSourcesBuildPhase section */
		28604537D02C519BA9FB7C6D /* Sources */ = {
			isa = PBXSourcesBuildPhase;
			buildActionMask = 2147483647;
			files = (
				21601DCF49F8DC93BCD2A5AF /* VolumeArcWidgets.swift in Sources */,
			);
			runOnlyForDeploymentPostprocessing = 0;
		};
		2FE8EA717E99D8F95DA4D24F /* Sources */ = {
			isa = PBXSourcesBuildPhase;
			buildActionMask = 2147483647;
			files = (
				58D45DAA031DB2861456EF54 /* VolumeArcWatchApp.swift in Sources */,
				702FE26D2B52DCFB425EE3CF /* WatchWorkoutView.swift in Sources */,
			);
			runOnlyForDeploymentPostprocessing = 0;
		};
		4AA777A28960CEE92B89491E /* Sources */ = {
			isa = PBXSourcesBuildPhase;
			buildActionMask = 2147483647;
			files = (
				8B3B0E502AF93663B3C6140C /* AICoachProvider.swift in Sources */,
				125021850FE8FEDF2B8FCE13 /* VoiceCoach.swift in Sources */,
				5823D21C7CFA793D032DFC8C /* CloudSync.swift in Sources */,
				AA58969E3D0F72CD2F60EDF6 /* FeatureFlags.swift in Sources */,
				6FE36E70C47F420D5E9385F0 /* HealthStore.swift in Sources */,
				086C93EF7D6D2B7FFCAC1944 /* NetworkReachability.swift in Sources */,
				54E7ECA9A1380822C3D4D2EA /* Navigation.swift in Sources */,
				59E558E1A7B3A8033ECB61AD /* WorkoutDashboardModel.swift in Sources */,
				B81EA02D7346AB45C05E792D /* NotificationStore.swift in Sources */,
				49DB06B4258CFC2153DBA1C1 /* DataModels.swift in Sources */,
				A777D694C793A49D7D8414EB /* ProductDefaults.swift in Sources */,
				E7BCF4A2BAA97542D22BBD4F /* SwiftDataProfileRepository.swift in Sources */,
				80B5712E02C59AEF6C6D4AB7 /* SwiftDataWorkoutRepository.swift in Sources */,
				7FAFB97F86CC1D5A6C95ADAA /* PlatformSurface.swift in Sources */,
				E8D028C8E3BB35BD79DDC33F /* SubscriptionStore.swift in Sources */,
				C4071E9570E2787369CC3F42 /* TelemetrySink.swift in Sources */,
				651A2A5796EA6B0723968F33 /* VoicePermission.swift in Sources */,
				F18D49C0AFCAF5E61DE84D1A /* WatchConnectivity.swift in Sources */,
				E80DE51C7A5FA2FA50475143 /* ExerciseCatalog.swift in Sources */,
				F8039BB07205FB6028D44B15 /* ProgressionEngine.swift in Sources */,
				2E84F81ED41A480F54ED6886 /* ReadinessModel.swift in Sources */,
				118B94E28B60E62D6366CA08 /* WorkoutTypes.swift in Sources */,
			);
			runOnlyForDeploymentPostprocessing = 0;
		};
		557753EE74D04BD664D7BD41 /* Sources */ = {
			isa = PBXSourcesBuildPhase;
			buildActionMask = 2147483647;
			files = (
				BA1F0E79A29910203A60EEB9 /* VolumeArcIntents.swift in Sources */,
				A01819B3B6EAA29E0AE6F6B2 /* VolumeArcAIConfiguration.swift in Sources */,
				6BB0B7686737204383FF844B /* VolumeArcAIRuntimeFactory.swift in Sources */,
				BDAD8D3BA07B87FEC6AA8C38 /* VolumeArcApp.swift in Sources */,
				F55078F57B0BE13138B5F995 /* VolumeArcCloudConfiguration.swift in Sources */,
				D479BB77948EC915728F7CC1 /* VolumeArcLiveActivityController.swift in Sources */,
				43E765496EDC7BF2E1776637 /* VolumeArcNotificationScheduler.swift in Sources */,
				B478117DAF9E52C6ECA759AE /* VolumeArcPersistenceController.swift in Sources */,
				CC5E796F76118D7CED406C61 /* VolumeArcPremiumCatalog.swift in Sources */,
				465B7FA3AE835DDF03DEC32B /* VolumeArcRelaySessionProvider.swift in Sources */,
				36CEDAC5662B9164EB4445CD /* VolumeArcSecureStore.swift in Sources */,
				06666A5C10711C98E5124170 /* VolumeArcSentryConfiguration.swift in Sources */,
				22280F08C2D4F6252D19B953 /* VolumeArcVoicePermissionStore.swift in Sources */,
				10B8573F2D0C07C7B44B3B67 /* VolumeArcWidgetController.swift in Sources */,
			);
			runOnlyForDeploymentPostprocessing = 0;
		};
		A55054A0AFC1796BADEA8130 /* Sources */ = {
			isa = PBXSourcesBuildPhase;
			buildActionMask = 2147483647;
			files = (
				0C5CCC58A5B5F26F14F3E52B /* Components.swift in Sources */,
				96957D88EFE5268ED666E9CA /* Tokens.swift in Sources */,
				4400AA16002DB3E9617EB3C5 /* VAHaptics.swift in Sources */,
				FD23E4BFD29860F3952CE5EF /* VAAnimations.swift in Sources */,
				7D68842936D3ADC81A7BBBF3 /* RootDashboardView.swift in Sources */,
				E3A6CACDE93E9458E26E7DB0 /* CoachView.swift in Sources */,
				F1D6F6C2FCDA1750A75BA27D /* ProfileView.swift in Sources */,
				818C25B74E2362157A8FE07A /* SignalsView.swift in Sources */,
				011760D78012F8A3D961984F /* TodayView.swift in Sources */,
				389562CBBE6FD5AAD8B7DF22 /* WorkoutsView.swift in Sources */,
			);
			runOnlyForDeploymentPostprocessing = 0;
		};
		D74E3DF8F906B341AE01ED8D /* Sources */ = {
			isa = PBXSourcesBuildPhase;
			buildActionMask = 2147483647;
			files = (
				EF7F6F75069F1A9992B5F854 /* Fixtures.swift in Sources */,
				2CB9989D49B19FC9EAC8FBA6 /* Mocks.swift in Sources */,
				48261893B0EB94AFA2CFA985 /* VolumeArcAppConfigurationTests.swift in Sources */,
				DB734AAED9E40D62129A8156 /* VolumeArcMigrationTests.swift in Sources */,
				E192B38979582D4169228693 /* VolumeArcPersistenceTests.swift in Sources */,
				CF60EFF85FCD7CBD430E5FF5 /* VolumeArcRelaySessionTests.swift in Sources */,
				E14206EFFD3A5332F89D1B9D /* VolumeArcIntents.swift in Sources */,
				6B6B6B4F6C19ED235621812A /* VolumeArcCloudConfiguration.swift in Sources */,
				84E5D041AC9207EA944781A4 /* VolumeArcLiveActivityController.swift in Sources */,
				6F07C74B22A3D735BC0DABEB /* VolumeArcPersistenceController.swift in Sources */,
				071AA7D88992B51E6470432F /* VolumeArcPremiumCatalog.swift in Sources */,
				234B0BA6235687E0E1508D21 /* VolumeArcSecureStore.swift in Sources */,
				86289598938C49354FA6A0D9 /* VolumeArcWidgetController.swift in Sources */,
			);
			runOnlyForDeploymentPostprocessing = 0;
		};
/* End PBXSourcesBuildPhase section */

/* Begin PBXTargetDependency section */
		16FD789690A5D07907747B5E /* PBXTargetDependency */ = {
			isa = PBXTargetDependency;
			name = VolumeArcCore;
			target = 0CC6B1F58D00DA66693464AF /* VolumeArcCore */;
			targetProxy = 7CB71B7911EB2EE13CE36661 /* PBXContainerItemProxy */;
		};
		46EBD417D1E16F637C55C277 /* PBXTargetDependency */ = {
			isa = PBXTargetDependency;
			name = VolumeArcCore;
			target = 0CC6B1F58D00DA66693464AF /* VolumeArcCore */;
			targetProxy = 8BB926CA6817CD79C8C9A648 /* PBXContainerItemProxy */;
		};
		75B6DA7A024AFF1DA01506CF /* PBXTargetDependency */ = {
			isa = PBXTargetDependency;
			name = VolumeArcCore;
			target = 0CC6B1F58D00DA66693464AF /* VolumeArcCore */;
			targetProxy = 1CC75F0DF5A1DBA9F65D12E6 /* PBXContainerItemProxy */;
		};
		D7C23260FB98F00E0FE6C730 /* PBXTargetDependency */ = {
			isa = PBXTargetDependency;
			name = VolumeArcCore;
			target = 0CC6B1F58D00DA66693464AF /* VolumeArcCore */;
			targetProxy = 0D5C060D2EB3FEBE11C218D5 /* PBXContainerItemProxy */;
		};
		E35210A09936C3829303B6CB /* PBXTargetDependency */ = {
			isa = PBXTargetDependency;
			name = VolumeArcUI;
			target = CB8CDB9E96DFB0BB8961E0AC /* VolumeArcUI */;
			targetProxy = 72137DD1D29FC2D8594C2A73 /* PBXContainerItemProxy */;
		};
		F5383A760624F41370972284 /* PBXTargetDependency */ = {
			isa = PBXTargetDependency;
			name = VolumeArcCore;
			target = 0CC6B1F58D00DA66693464AF /* VolumeArcCore */;
			targetProxy = AC931B9924961D51465A4779 /* PBXContainerItemProxy */;
		};
		F8F2C8E218784B6EAD844BEC /* PBXTargetDependency */ = {
			isa = PBXTargetDependency;
			name = VolumeArcUI;
			target = CB8CDB9E96DFB0BB8961E0AC /* VolumeArcUI */;
			targetProxy = 61CD4F07726296BFD331B96E /* PBXContainerItemProxy */;
		};
/* End PBXTargetDependency section */

/* Begin XCBuildConfiguration section */
		0AD7D5CEA203BD28195EE493 /* Release */ = {
			isa = XCBuildConfiguration;
			buildSettings = {
				CLANG_ENABLE_OBJC_WEAK = NO;
				CODE_SIGNING_ALLOWED = NO;
				CODE_SIGN_STYLE = Automatic;
				CURRENT_PROJECT_VERSION = 8;
				DEFINES_MODULE = YES;
				DEVELOPMENT_TEAM = "";
				DISABLE_MANUAL_TARGET_ORDER_BUILD_WARNING = YES;
				GENERATE_INFOPLIST_FILE = YES;
				IPHONEOS_DEPLOYMENT_TARGET = 26.0;
				MARKETING_VERSION = 1.0.1;
				OTHER_LDFLAGS = "-ObjC";
				SDKROOT = iphoneos;
				SKIP_INSTALL = YES;
				SWIFT_VERSION = 6.0;
				TARGETED_DEVICE_FAMILY = "1,2";
				VALIDATE_PRODUCT = YES;
			};
			name = Release;
		};
		0ED8B9312CD4E6A137AFB694 /* Release */ = {
			isa = XCBuildConfiguration;
			buildSettings = {
				ALWAYS_EMBED_SWIFT_STANDARD_LIBRARIES = YES;
				ASSETCATALOG_COMPILER_APPICON_NAME = AppIcon;
				ASSETCATALOG_COMPILER_GLOBAL_ACCENT_COLOR_NAME = AccentColor;
				CODE_SIGNING_ALLOWED = NO;
				CODE_SIGN_ENTITLEMENTS = Watch/VolumeArcWatch.entitlements;
				CODE_SIGN_STYLE = Automatic;
				CURRENT_PROJECT_VERSION = 8;
				DEVELOPMENT_TEAM = "";
				DISABLE_MANUAL_TARGET_ORDER_BUILD_WARNING = YES;
				GENERATE_INFOPLIST_FILE = YES;
				INFOPLIST_KEY_NSHealthShareUsageDescription = "VolumeArc uses HealthKit on Apple Watch to run live workout sessions and keep your training history accurate.";
				INFOPLIST_KEY_NSHealthUpdateUsageDescription = "VolumeArc writes completed watch workouts to Apple Health.";
				INFOPLIST_KEY_UISupportedInterfaceOrientations = UIInterfaceOrientationPortrait;
				INFOPLIST_KEY_WKApplication = YES;
				INFOPLIST_KEY_WKCompanionAppBundleIdentifier = com.mabryventures.VolumeArc;
				MARKETING_VERSION = 1.0.1;
				PRODUCT_BUNDLE_IDENTIFIER = com.mabryventures.VolumeArc.watchkitapp;
				PRODUCT_NAME = VolumeArcWatch;
				SDKROOT = watchos;
				SKIP_INSTALL = YES;
				SWIFT_VERSION = 6.0;
				TARGETED_DEVICE_FAMILY = 4;
				VALIDATE_PRODUCT = YES;
				WATCHOS_DEPLOYMENT_TARGET = 26.4;
			};
			name = Release;
		};
		4875315FC5211797838844A4 /* Debug */ = {
			isa = XCBuildConfiguration;
			buildSettings = {
				CLANG_ENABLE_OBJC_WEAK = NO;
				CODE_SIGNING_ALLOWED = NO;
				CODE_SIGN_STYLE = Automatic;
				CURRENT_PROJECT_VERSION = 8;
				DEFINES_MODULE = YES;
				DEVELOPMENT_TEAM = "";
				DISABLE_MANUAL_TARGET_ORDER_BUILD_WARNING = YES;
				GENERATE_INFOPLIST_FILE = YES;
				IPHONEOS_DEPLOYMENT_TARGET = 26.0;
				MARKETING_VERSION = 1.0.1;
				OTHER_LDFLAGS = "-ObjC";
				SDKROOT = iphoneos;
				SKIP_INSTALL = YES;
				SWIFT_VERSION = 6.0;
				TARGETED_DEVICE_FAMILY = "1,2";
			};
			name = Debug;
		};
		5DE896AB50279E9B31553C3D /* Release */ = {
			isa = XCBuildConfiguration;
			buildSettings = {
				ALWAYS_SEARCH_USER_PATHS = NO;
				CLANG_ANALYZER_NONNULL = YES;
				CLANG_ANALYZER_NUMBER_OBJECT_CONVERSION = YES_AGGRESSIVE;
				CLANG_CXX_LANGUAGE_STANDARD = "gnu++14";
				CLANG_CXX_LIBRARY = "libc++";
				CLANG_ENABLE_MODULES = YES;
				CLANG_ENABLE_OBJC_ARC = YES;
				CLANG_ENABLE_OBJC_WEAK = YES;
				CLANG_WARN_BLOCK_CAPTURE_AUTORELEASING = YES;
				CLANG_WARN_BOOL_CONVERSION = YES;
				CLANG_WARN_COMMA = YES;
				CLANG_WARN_CONSTANT_CONVERSION = YES;
				CLANG_WARN_DEPRECATED_OBJC_IMPLEMENTATIONS = YES;
				CLANG_WARN_DIRECT_OBJC_ISA_USAGE = YES_ERROR;
				CLANG_WARN_DOCUMENTATION_COMMENTS = YES;
				CLANG_WARN_EMPTY_BODY = YES;
				CLANG_WARN_ENUM_CONVERSION = YES;
				CLANG_WARN_INFINITE_RECURSION = YES;
				CLANG_WARN_INT_CONVERSION = YES;
				CLANG_WARN_NON_LITERAL_NULL_CONVERSION = YES;
				CLANG_WARN_OBJC_IMPLICIT_RETAIN_SELF = YES;
				CLANG_WARN_OBJC_LITERAL_CONVERSION = YES;
				CLANG_WARN_OBJC_ROOT_CLASS = YES_ERROR;
				CLANG_WARN_QUOTED_INCLUDE_IN_FRAMEWORK_HEADER = YES;
				CLANG_WARN_RANGE_LOOP_ANALYSIS = YES;
				CLANG_WARN_STRICT_PROTOTYPES = YES;
				CLANG_WARN_SUSPICIOUS_MOVE = YES;
				CLANG_WARN_UNGUARDED_AVAILABILITY = YES_AGGRESSIVE;
				CLANG_WARN_UNREACHABLE_CODE = YES;
				CLANG_WARN__DUPLICATE_METHOD_MATCH = YES;
				COPY_PHASE_STRIP = NO;
				DEBUG_INFORMATION_FORMAT = "dwarf-with-dsym";
				ENABLE_NS_ASSERTIONS = NO;
				ENABLE_STRICT_OBJC_MSGSEND = YES;
				GCC_C_LANGUAGE_STANDARD = gnu11;
				GCC_NO_COMMON_BLOCKS = YES;
				GCC_WARN_64_TO_32_BIT_CONVERSION = YES;
				GCC_WARN_ABOUT_RETURN_TYPE = YES_ERROR;
				GCC_WARN_UNDECLARED_SELECTOR = YES;
				GCC_WARN_UNINITIALIZED_AUTOS = YES_AGGRESSIVE;
				GCC_WARN_UNUSED_FUNCTION = YES;
				GCC_WARN_UNUSED_VARIABLE = YES;
				MTL_ENABLE_DEBUG_INFO = NO;
				MTL_FAST_MATH = YES;
				PRODUCT_NAME = "$(TARGET_NAME)";
				SWIFT_COMPILATION_MODE = wholemodule;
				SWIFT_OPTIMIZATION_LEVEL = "-O";
				SWIFT_VERSION = 5.0;
			};
			name = Release;
		};
		65A37CDD28D755ECB71E09A5 /* Debug */ = {
			isa = XCBuildConfiguration;
			buildSettings = {
				APPLICATION_EXTENSION_API_ONLY = YES;
				CLANG_ENABLE_OBJC_WEAK = NO;
				CODE_SIGNING_ALLOWED = NO;
				CODE_SIGN_ENTITLEMENTS = Widgets/VolumeArcWidgets.entitlements;
				CODE_SIGN_STYLE = Automatic;
				CURRENT_PROJECT_VERSION = 8;
				DEVELOPMENT_TEAM = "";
				DISABLE_MANUAL_TARGET_ORDER_BUILD_WARNING = YES;
				GENERATE_INFOPLIST_FILE = YES;
				INFOPLIST_KEY_NSExtension_NSExtensionPointIdentifier = "com.apple.widgetkit-extension";
				INFOPLIST_KEY_NSExtension_NSExtensionPrincipalClass = "$(PRODUCT_MODULE_NAME).VolumeArcWidgets";
				IPHONEOS_DEPLOYMENT_TARGET = 26.0;
				MARKETING_VERSION = 1.0.1;
				PRODUCT_BUNDLE_IDENTIFIER = com.mabryventures.VolumeArc.widgets;
				PRODUCT_NAME = VolumeArcWidgets;
				SDKROOT = iphoneos;
				SKIP_INSTALL = YES;
				SWIFT_VERSION = 6.0;
			};
			name = Debug;
		};
		682C0D33EF8F7B926A921EA8 /* Debug */ = {
			isa = XCBuildConfiguration;
			buildSettings = {
				ALWAYS_SEARCH_USER_PATHS = NO;
				CLANG_ANALYZER_NONNULL = YES;
				CLANG_ANALYZER_NUMBER_OBJECT_CONVERSION = YES_AGGRESSIVE;
				CLANG_CXX_LANGUAGE_STANDARD = "gnu++14";
				CLANG_CXX_LIBRARY = "libc++";
				CLANG_ENABLE_MODULES = YES;
				CLANG_ENABLE_OBJC_ARC = YES;
				CLANG_ENABLE_OBJC_WEAK = YES;
				CLANG_WARN_BLOCK_CAPTURE_AUTORELEASING = YES;
				CLANG_WARN_BOOL_CONVERSION = YES;
				CLANG_WARN_COMMA = YES;
				CLANG_WARN_CONSTANT_CONVERSION = YES;
				CLANG_WARN_DEPRECATED_OBJC_IMPLEMENTATIONS = YES;
				CLANG_WARN_DIRECT_OBJC_ISA_USAGE = YES_ERROR;
				CLANG_WARN_DOCUMENTATION_COMMENTS = YES;
				CLANG_WARN_EMPTY_BODY = YES;
				CLANG_WARN_ENUM_CONVERSION = YES;
				CLANG_WARN_INFINITE_RECURSION = YES;
				CLANG_WARN_INT_CONVERSION = YES;
				CLANG_WARN_NON_LITERAL_NULL_CONVERSION = YES;
				CLANG_WARN_OBJC_IMPLICIT_RETAIN_SELF = YES;
				CLANG_WARN_OBJC_LITERAL_CONVERSION = YES;
				CLANG_WARN_OBJC_ROOT_CLASS = YES_ERROR;
				CLANG_WARN_QUOTED_INCLUDE_IN_FRAMEWORK_HEADER = YES;
				CLANG_WARN_RANGE_LOOP_ANALYSIS = YES;
				CLANG_WARN_STRICT_PROTOTYPES = YES;
				CLANG_WARN_SUSPICIOUS_MOVE = YES;
				CLANG_WARN_UNGUARDED_AVAILABILITY = YES_AGGRESSIVE;
				CLANG_WARN_UNREACHABLE_CODE = YES;
				CLANG_WARN__DUPLICATE_METHOD_MATCH = YES;
				COPY_PHASE_STRIP = NO;
				DEBUG_INFORMATION_FORMAT = dwarf;
				ENABLE_STRICT_OBJC_MSGSEND = YES;
				ENABLE_TESTABILITY = YES;
				GCC_C_LANGUAGE_STANDARD = gnu11;
				GCC_DYNAMIC_NO_PIC = NO;
				GCC_NO_COMMON_BLOCKS = YES;
				GCC_OPTIMIZATION_LEVEL = 0;
				GCC_PREPROCESSOR_DEFINITIONS = (
					"DEBUG=1",
					"$(inherited)",
				);
				GCC_WARN_64_TO_32_BIT_CONVERSION = YES;
				GCC_WARN_ABOUT_RETURN_TYPE = YES_ERROR;
				GCC_WARN_UNDECLARED_SELECTOR = YES;
				GCC_WARN_UNINITIALIZED_AUTOS = YES_AGGRESSIVE;
				GCC_WARN_UNUSED_FUNCTION = YES;
				GCC_WARN_UNUSED_VARIABLE = YES;
				MTL_ENABLE_DEBUG_INFO = INCLUDE_SOURCE;
				MTL_FAST_MATH = YES;
				ONLY_ACTIVE_ARCH = YES;
				PRODUCT_NAME = "$(TARGET_NAME)";
				SWIFT_ACTIVE_COMPILATION_CONDITIONS = DEBUG;
				SWIFT_OPTIMIZATION_LEVEL = "-Onone";
				SWIFT_VERSION = 5.0;
			};
			name = Debug;
		};
		740E2470E0641822A323D15E /* Release */ = {
			isa = XCBuildConfiguration;
			buildSettings = {
				ASSETCATALOG_COMPILER_APPICON_NAME = AppIcon;
				ASSETCATALOG_COMPILER_GLOBAL_ACCENT_COLOR_NAME = AccentColor;
				CLANG_ENABLE_OBJC_WEAK = NO;
				CODE_SIGNING_ALLOWED = NO;
				CODE_SIGN_ENTITLEMENTS = App/VolumeArc.entitlements;
				CODE_SIGN_STYLE = Automatic;
				CURRENT_PROJECT_VERSION = 8;
				DEVELOPMENT_TEAM = "";
				DISABLE_MANUAL_TARGET_ORDER_BUILD_WARNING = YES;
				GENERATE_INFOPLIST_FILE = YES;
				INFOPLIST_KEY_CFBundleURLTypes = "[{\"CFBundleURLName\":\"com.mabryventures.VolumeArc\",\"CFBundleURLSchemes\":[\"volumearc\"]}]";
				INFOPLIST_KEY_NSHealthShareUsageDescription = "VolumeArc reads your workout and recovery data to personalize progression, readiness, and session planning.";
				INFOPLIST_KEY_NSHealthUpdateUsageDescription = "VolumeArc writes completed workouts so your training history stays in sync with Apple Health.";
				INFOPLIST_KEY_NSMicrophoneUsageDescription = "VolumeArc uses the microphone for live duplex coaching and voice workout logging.";
				INFOPLIST_KEY_NSSpeechRecognitionUsageDescription = "VolumeArc uses speech recognition to understand live coaching requests and voice workout notes.";
				INFOPLIST_KEY_UIApplicationSupportsIndirectInputEvents = YES;
				INFOPLIST_KEY_VolumeArcCloudKitContainer = iCloud.com.mabryventures.VolumeArc;
				INFOPLIST_KEY_VolumeArcOpenAIBaseURL = "";
				IPHONEOS_DEPLOYMENT_TARGET = 26.0;
				LD_RUNPATH_SEARCH_PATHS = "$(inherited) @executable_path/Frameworks";
				MARKETING_VERSION = 1.0.1;
				PRODUCT_BUNDLE_IDENTIFIER = com.mabryventures.VolumeArc;
				PRODUCT_NAME = VolumeArc;
				SDKROOT = iphoneos;
				SWIFT_VERSION = 6.0;
				TARGETED_DEVICE_FAMILY = "1,2";
				VALIDATE_PRODUCT = YES;
			};
			name = Release;
		};
		77966C8ABFF842D68FC35CA4 /* Debug */ = {
			isa = XCBuildConfiguration;
			buildSettings = {
				ASSETCATALOG_COMPILER_APPICON_NAME = AppIcon;
				ASSETCATALOG_COMPILER_GLOBAL_ACCENT_COLOR_NAME = AccentColor;
				CLANG_ENABLE_OBJC_WEAK = NO;
				CODE_SIGNING_ALLOWED = NO;
				CODE_SIGN_ENTITLEMENTS = App/VolumeArc.entitlements;
				CODE_SIGN_STYLE = Automatic;
				CURRENT_PROJECT_VERSION = 8;
				DEVELOPMENT_TEAM = "";
				DISABLE_MANUAL_TARGET_ORDER_BUILD_WARNING = YES;
				GENERATE_INFOPLIST_FILE = YES;
				INFOPLIST_KEY_CFBundleURLTypes = "[{\"CFBundleURLName\":\"com.mabryventures.VolumeArc\",\"CFBundleURLSchemes\":[\"volumearc\"]}]";
				INFOPLIST_KEY_NSHealthShareUsageDescription = "VolumeArc reads your workout and recovery data to personalize progression, readiness, and session planning.";
				INFOPLIST_KEY_NSHealthUpdateUsageDescription = "VolumeArc writes completed workouts so your training history stays in sync with Apple Health.";
				INFOPLIST_KEY_NSMicrophoneUsageDescription = "VolumeArc uses the microphone for live duplex coaching and voice workout logging.";
				INFOPLIST_KEY_NSSpeechRecognitionUsageDescription = "VolumeArc uses speech recognition to understand live coaching requests and voice workout notes.";
				INFOPLIST_KEY_UIApplicationSupportsIndirectInputEvents = YES;
				INFOPLIST_KEY_VolumeArcCloudKitContainer = iCloud.com.mabryventures.VolumeArc;
				INFOPLIST_KEY_VolumeArcOpenAIBaseURL = "";
				IPHONEOS_DEPLOYMENT_TARGET = 26.0;
				LD_RUNPATH_SEARCH_PATHS = "$(inherited) @executable_path/Frameworks";
				MARKETING_VERSION = 1.0.1;
				PRODUCT_BUNDLE_IDENTIFIER = com.mabryventures.VolumeArc;
				PRODUCT_NAME = VolumeArc;
				SDKROOT = iphoneos;
				SWIFT_VERSION = 6.0;
				TARGETED_DEVICE_FAMILY = "1,2";
			};
			name = Debug;
		};
		7E6DEA6AE2C9292A6B32C5EC /* Release */ = {
			isa = XCBuildConfiguration;
			buildSettings = {
				CLANG_ENABLE_OBJC_WEAK = NO;
				CODE_SIGNING_ALLOWED = NO;
				CODE_SIGN_STYLE = Automatic;
				CURRENT_PROJECT_VERSION = 8;
				DEFINES_MODULE = YES;
				DEVELOPMENT_TEAM = "";
				DISABLE_MANUAL_TARGET_ORDER_BUILD_WARNING = YES;
				GENERATE_INFOPLIST_FILE = YES;
				IPHONEOS_DEPLOYMENT_TARGET = 26.0;
				MARKETING_VERSION = 1.0.1;
				OTHER_LDFLAGS = "-ObjC";
				SDKROOT = iphoneos;
				SKIP_INSTALL = YES;
				SWIFT_VERSION = 6.0;
				TARGETED_DEVICE_FAMILY = "1,2";
				VALIDATE_PRODUCT = YES;
			};
			name = Release;
		};
		8D604008F562574B73AA4E96 /* Debug */ = {
			isa = XCBuildConfiguration;
			buildSettings = {
				CLANG_ENABLE_OBJC_WEAK = NO;
				CODE_SIGNING_ALLOWED = NO;
				CODE_SIGNING_REQUIRED = NO;
				CODE_SIGN_STYLE = Automatic;
				CURRENT_PROJECT_VERSION = 8;
				DEVELOPMENT_TEAM = "";
				DISABLE_MANUAL_TARGET_ORDER_BUILD_WARNING = YES;
				GENERATE_INFOPLIST_FILE = YES;
				IPHONEOS_DEPLOYMENT_TARGET = 26.0;
				MARKETING_VERSION = 1.0.1;
				PRODUCT_BUNDLE_IDENTIFIER = com.mabryventures.VolumeArc.tests;
				PRODUCT_NAME = VolumeArcAppTests;
				SDKROOT = iphoneos;
				SKIP_INSTALL = YES;
				SWIFT_VERSION = 6.0;
			};
			name = Debug;
		};
		A4B8D9ACF7BE5C1EA43E3AE7 /* Release */ = {
			isa = XCBuildConfiguration;
			buildSettings = {
				APPLICATION_EXTENSION_API_ONLY = YES;
				CLANG_ENABLE_OBJC_WEAK = NO;
				CODE_SIGNING_ALLOWED = NO;
				CODE_SIGN_ENTITLEMENTS = Widgets/VolumeArcWidgets.entitlements;
				CODE_SIGN_STYLE = Automatic;
				CURRENT_PROJECT_VERSION = 8;
				DEVELOPMENT_TEAM = "";
				DISABLE_MANUAL_TARGET_ORDER_BUILD_WARNING = YES;
				GENERATE_INFOPLIST_FILE = YES;
				INFOPLIST_KEY_NSExtension_NSExtensionPointIdentifier = "com.apple.widgetkit-extension";
				INFOPLIST_KEY_NSExtension_NSExtensionPrincipalClass = "$(PRODUCT_MODULE_NAME).VolumeArcWidgets";
				IPHONEOS_DEPLOYMENT_TARGET = 26.0;
				MARKETING_VERSION = 1.0.1;
				PRODUCT_BUNDLE_IDENTIFIER = com.mabryventures.VolumeArc.widgets;
				PRODUCT_NAME = VolumeArcWidgets;
				SDKROOT = iphoneos;
				SKIP_INSTALL = YES;
				SWIFT_VERSION = 6.0;
				VALIDATE_PRODUCT = YES;
			};
			name = Release;
		};
		ACA7C77B976963D72F7A89F8 /* Release */ = {
			isa = XCBuildConfiguration;
			buildSettings = {
				CLANG_ENABLE_OBJC_WEAK = NO;
				CODE_SIGNING_ALLOWED = NO;
				CODE_SIGNING_REQUIRED = NO;
				CODE_SIGN_STYLE = Automatic;
				CURRENT_PROJECT_VERSION = 8;
				DEVELOPMENT_TEAM = "";
				DISABLE_MANUAL_TARGET_ORDER_BUILD_WARNING = YES;
				GENERATE_INFOPLIST_FILE = YES;
				IPHONEOS_DEPLOYMENT_TARGET = 26.0;
				MARKETING_VERSION = 1.0.1;
				PRODUCT_BUNDLE_IDENTIFIER = com.mabryventures.VolumeArc.tests;
				PRODUCT_NAME = VolumeArcAppTests;
				SDKROOT = iphoneos;
				SKIP_INSTALL = YES;
				SWIFT_VERSION = 6.0;
				VALIDATE_PRODUCT = YES;
			};
			name = Release;
		};
		EE33D7AEB05634543AFEF79B /* Debug */ = {
			isa = XCBuildConfiguration;
			buildSettings = {
				ALWAYS_EMBED_SWIFT_STANDARD_LIBRARIES = YES;
				ASSETCATALOG_COMPILER_APPICON_NAME = AppIcon;
				ASSETCATALOG_COMPILER_GLOBAL_ACCENT_COLOR_NAME = AccentColor;
				CODE_SIGNING_ALLOWED = NO;
				CODE_SIGN_ENTITLEMENTS = Watch/VolumeArcWatch.entitlements;
				CODE_SIGN_STYLE = Automatic;
				CURRENT_PROJECT_VERSION = 8;
				DEVELOPMENT_TEAM = "";
				DISABLE_MANUAL_TARGET_ORDER_BUILD_WARNING = YES;
				GENERATE_INFOPLIST_FILE = YES;
				INFOPLIST_KEY_NSHealthShareUsageDescription = "VolumeArc uses HealthKit on Apple Watch to run live workout sessions and keep your training history accurate.";
				INFOPLIST_KEY_NSHealthUpdateUsageDescription = "VolumeArc writes completed watch workouts to Apple Health.";
				INFOPLIST_KEY_UISupportedInterfaceOrientations = UIInterfaceOrientationPortrait;
				INFOPLIST_KEY_WKApplication = YES;
				INFOPLIST_KEY_WKCompanionAppBundleIdentifier = com.mabryventures.VolumeArc;
				MARKETING_VERSION = 1.0.1;
				PRODUCT_BUNDLE_IDENTIFIER = com.mabryventures.VolumeArc.watchkitapp;
				PRODUCT_NAME = VolumeArcWatch;
				SDKROOT = watchos;
				SKIP_INSTALL = YES;
				SWIFT_VERSION = 6.0;
				TARGETED_DEVICE_FAMILY = 4;
				WATCHOS_DEPLOYMENT_TARGET = 26.4;
			};
			name = Debug;
		};
		F3CB5B1F24286DC9F92D49F3 /* Debug */ = {
			isa = XCBuildConfiguration;
			buildSettings = {
				CLANG_ENABLE_OBJC_WEAK = NO;
				CODE_SIGNING_ALLOWED = NO;
				CODE_SIGN_STYLE = Automatic;
				CURRENT_PROJECT_VERSION = 8;
				DEFINES_MODULE = YES;
				DEVELOPMENT_TEAM = "";
				DISABLE_MANUAL_TARGET_ORDER_BUILD_WARNING = YES;
				GENERATE_INFOPLIST_FILE = YES;
				IPHONEOS_DEPLOYMENT_TARGET = 26.0;
				MARKETING_VERSION = 1.0.1;
				OTHER_LDFLAGS = "-ObjC";
				SDKROOT = iphoneos;
				SKIP_INSTALL = YES;
				SWIFT_VERSION = 6.0;
				TARGETED_DEVICE_FAMILY = "1,2";
			};
			name = Debug;
		};
/* End XCBuildConfiguration section */

/* Begin XCConfigurationList section */
		091A99EA5972D178BED3C4B2 /* Build configuration list for PBXNativeTarget "VolumeArcWatch" */ = {
			isa = XCConfigurationList;
			buildConfigurations = (
				0ED8B9312CD4E6A137AFB694 /* Release */,
				EE33D7AEB05634543AFEF79B /* Debug */,
			);
			defaultConfigurationIsVisible = 0;
			defaultConfigurationName = Release;
		};
		19275D7CFC653E3C64001EA5 /* Build configuration list for PBXNativeTarget "VolumeArcAppTests" */ = {
			isa = XCConfigurationList;
			buildConfigurations = (
				ACA7C77B976963D72F7A89F8 /* Release */,
				8D604008F562574B73AA4E96 /* Debug */,
			);
			defaultConfigurationIsVisible = 0;
			defaultConfigurationName = Release;
		};
		34D6EF4E6C54CED457F2EA78 /* Build configuration list for PBXNativeTarget "VolumeArcApp" */ = {
			isa = XCConfigurationList;
			buildConfigurations = (
				740E2470E0641822A323D15E /* Release */,
				77966C8ABFF842D68FC35CA4 /* Debug */,
			);
			defaultConfigurationIsVisible = 0;
			defaultConfigurationName = Release;
		};
		4925550A6EA7D28D6EB1BFB1 /* Build configuration list for PBXProject "VolumeArcApple" */ = {
			isa = XCConfigurationList;
			buildConfigurations = (
				682C0D33EF8F7B926A921EA8 /* Debug */,
				5DE896AB50279E9B31553C3D /* Release */,
			);
			defaultConfigurationIsVisible = 0;
			defaultConfigurationName = Release;
		};
		5C2895EEA7FC9073A088A553 /* Build configuration list for PBXNativeTarget "VolumeArcWidgets" */ = {
			isa = XCConfigurationList;
			buildConfigurations = (
				A4B8D9ACF7BE5C1EA43E3AE7 /* Release */,
				65A37CDD28D755ECB71E09A5 /* Debug */,
			);
			defaultConfigurationIsVisible = 0;
			defaultConfigurationName = Release;
		};
		73F3FE6CB3D3DC91CD4AA6E9 /* Build configuration list for PBXNativeTarget "VolumeArcUI" */ = {
			isa = XCConfigurationList;
			buildConfigurations = (
				7E6DEA6AE2C9292A6B32C5EC /* Release */,
				4875315FC5211797838844A4 /* Debug */,
			);
			defaultConfigurationIsVisible = 0;
			defaultConfigurationName = Release;
		};
		AA55F5AA1172D10FA05265E9 /* Build configuration list for PBXNativeTarget "VolumeArcCore" */ = {
			isa = XCConfigurationList;
			buildConfigurations = (
				0AD7D5CEA203BD28195EE493 /* Release */,
				F3CB5B1F24286DC9F92D49F3 /* Debug */,
			);
			defaultConfigurationIsVisible = 0;
			defaultConfigurationName = Release;
		};
/* End XCConfigurationList section */

/* Begin XCRemoteSwiftPackageReference section */
		BE227098CE040DE1DC59D37A /* XCRemoteSwiftPackageReference "sentry-cocoa" */ = {
			isa = XCRemoteSwiftPackageReference;
			repositoryURL = "https://github.com/getsentry/sentry-cocoa.git";
			requirement = {
				kind = upToNextMajorVersion;
				minimumVersion = 8.0.0;
			};
		};
/* End XCRemoteSwiftPackageReference section */

/* Begin XCSwiftPackageProductDependency section */
		C0116BB4E752AAFAA803D4B9 /* Sentry */ = {
			isa = XCSwiftPackageProductDependency;
			package = BE227098CE040DE1DC59D37A /* XCRemoteSwiftPackageReference "sentry-cocoa" */;
			productName = Sentry;
		};
/* End XCSwiftPackageProductDependency section */
	};
	rootObject = 9C575FA629E9709C96974722 /* Project object */;
}
